// !$*UTF8*$!
{
	archiveVersion = 1;
	classes = {
	};
	objectVersion = 55;
	objects = {

/* Begin PBXBuildFile section */
		C02AD0C82774455B00FB9836 /* AppDelegate.swift in Sources */ = {isa = PBXBuildFile; fileRef = C02AD0C72774455B00FB9836 /* AppDelegate.swift */; };
		C02AD0CA2774455B00FB9836 /* SceneDelegate.swift in Sources */ = {isa = PBXBuildFile; fileRef = C02AD0C92774455B00FB9836 /* SceneDelegate.swift */; };
		C02AD0CC2774455B00FB9836 /* ViewController.swift in Sources */ = {isa = PBXBuildFile; fileRef = C02AD0CB2774455B00FB9836 /* ViewController.swift */; };
		C02AD0CF2774455B00FB9836 /* Main.storyboard in Resources */ = {isa = PBXBuildFile; fileRef = C02AD0CD2774455B00FB9836 /* Main.storyboard */; };
		C02AD0D12774455D00FB9836 /* Assets.xcassets in Resources */ = {isa = PBXBuildFile; fileRef = C02AD0D02774455D00FB9836 /* Assets.xcassets */; };
		C02AD0D42774455D00FB9836 /* LaunchScreen.storyboard in Resources */ = {isa = PBXBuildFile; fileRef = C02AD0D22774455D00FB9836 /* LaunchScreen.storyboard */; };
		C02AD0DF2774455D00FB9836 /* MangoPlateCloneAppTests.swift in Sources */ = {isa = PBXBuildFile; fileRef = C02AD0DE2774455D00FB9836 /* MangoPlateCloneAppTests.swift */; };
		C02AD0E92774455D00FB9836 /* MangoPlateCloneAppUITests.swift in Sources */ = {isa = PBXBuildFile; fileRef = C02AD0E82774455D00FB9836 /* MangoPlateCloneAppUITests.swift */; };
		C02AD0EB2774455D00FB9836 /* MangoPlateCloneAppUITestsLaunchTests.swift in Sources */ = {isa = PBXBuildFile; fileRef = C02AD0EA2774455D00FB9836 /* MangoPlateCloneAppUITestsLaunchTests.swift */; };
/* End PBXBuildFile section */

/* Begin PBXContainerItemProxy section */
		C02AD0DB2774455D00FB9836 /* PBXContainerItemProxy */ = {
			isa = PBXContainerItemProxy;
			containerPortal = C02AD0BC2774455B00FB9836 /* Project object */;
			proxyType = 1;
			remoteGlobalIDString = C02AD0C32774455B00FB9836;
			remoteInfo = MangoPlateCloneApp;
		};
		C02AD0E52774455D00FB9836 /* PBXContainerItemProxy */ = {
			isa = PBXContainerItemProxy;
			containerPortal = C02AD0BC2774455B00FB9836 /* Project object */;
			proxyType = 1;
			remoteGlobalIDString = C02AD0C32774455B00FB9836;
			remoteInfo = MangoPlateCloneApp;
		};
/* End PBXContainerItemProxy section */

/* Begin PBXFileReference section */
		C02AD0C42774455B00FB9836 /* MangoPlateCloneApp.app */ = {isa = PBXFileReference; explicitFileType = wrapper.application; includeInIndex = 0; path = MangoPlateCloneApp.app; sourceTree = BUILT_PRODUCTS_DIR; };
		C02AD0C72774455B00FB9836 /* AppDelegate.swift */ = {isa = PBXFileReference; lastKnownFileType = sourcecode.swift; path = AppDelegate.swift; sourceTree = "<group>"; };
		C02AD0C92774455B00FB9836 /* SceneDelegate.swift */ = {isa = PBXFileReference; lastKnownFileType = sourcecode.swift; path = SceneDelegate.swift; sourceTree = "<group>"; };
		C02AD0CB2774455B00FB9836 /* ViewController.swift */ = {isa = PBXFileReference; lastKnownFileType = sourcecode.swift; path = ViewController.swift; sourceTree = "<group>"; };
		C02AD0CE2774455B00FB9836 /* Base */ = {isa = PBXFileReference; lastKnownFileType = file.storyboard; name = Base; path = Base.lproj/Main.storyboard; sourceTree = "<group>"; };
		C02AD0D02774455D00FB9836 /* Assets.xcassets */ = {isa = PBXFileReference; lastKnownFileType = folder.assetcatalog; path = Assets.xcassets; sourceTree = "<group>"; };
		C02AD0D32774455D00FB9836 /* Base */ = {isa = PBXFileReference; lastKnownFileType = file.storyboard; name = Base; path = Base.lproj/LaunchScreen.storyboard; sourceTree = "<group>"; };
		C02AD0D52774455D00FB9836 /* Info.plist */ = {isa = PBXFileReference; lastKnownFileType = text.plist.xml; path = Info.plist; sourceTree = "<group>"; };
		C02AD0DA2774455D00FB9836 /* MangoPlateCloneAppTests.xctest */ = {isa = PBXFileReference; explicitFileType = wrapper.cfbundle; includeInIndex = 0; path = MangoPlateCloneAppTests.xctest; sourceTree = BUILT_PRODUCTS_DIR; };
		C02AD0DE2774455D00FB9836 /* MangoPlateCloneAppTests.swift */ = {isa = PBXFileReference; lastKnownFileType = sourcecode.swift; path = MangoPlateCloneAppTests.swift; sourceTree = "<group>"; };
		C02AD0E42774455D00FB9836 /* MangoPlateCloneAppUITests.xctest */ = {isa = PBXFileReference; explicitFileType = wrapper.cfbundle; includeInIndex = 0; path = MangoPlateCloneAppUITests.xctest; sourceTree = BUILT_PRODUCTS_DIR; };
		C02AD0E82774455D00FB9836 /* MangoPlateCloneAppUITests.swift */ = {isa = PBXFileReference; lastKnownFileType = sourcecode.swift; path = MangoPlateCloneAppUITests.swift; sourceTree = "<group>"; };
		C02AD0EA2774455D00FB9836 /* MangoPlateCloneAppUITestsLaunchTests.swift */ = {isa = PBXFileReference; lastKnownFileType = sourcecode.swift; path = MangoPlateCloneAppUITestsLaunchTests.swift; sourceTree = "<group>"; };
/* End PBXFileReference section */

/* Begin PBXFrameworksBuildPhase section */
		C02AD0C12774455B00FB9836 /* Frameworks */ = {
			isa = PBXFrameworksBuildPhase;
			buildActionMask = 2147483647;
			files = (
			);
			runOnlyForDeploymentPostprocessing = 0;
		};
		C02AD0D72774455D00FB9836 /* Frameworks */ = {
			isa = PBXFrameworksBuildPhase;
			buildActionMask = 2147483647;
			files = (
			);
			runOnlyForDeploymentPostprocessing = 0;
		};
		C02AD0E12774455D00FB9836 /* Frameworks */ = {
			isa = PBXFrameworksBuildPhase;
			buildActionMask = 2147483647;
			files = (
			);
			runOnlyForDeploymentPostprocessing = 0;
		};
/* End PBXFrameworksBuildPhase section */

/* Begin PBXGroup section */
		C02AD0BB2774455B00FB9836 = {
			isa = PBXGroup;
			children = (
				C02AD0C62774455B00FB9836 /* MangoPlateCloneApp */,
				C02AD0DD2774455D00FB9836 /* MangoPlateCloneAppTests */,
				C02AD0E72774455D00FB9836 /* MangoPlateCloneAppUITests */,
				C02AD0C52774455B00FB9836 /* Products */,
			);
			sourceTree = "<group>";
		};
		C02AD0C52774455B00FB9836 /* Products */ = {
			isa = PBXGroup;
			children = (
				C02AD0C42774455B00FB9836 /* MangoPlateCloneApp.app */,
				C02AD0DA2774455D00FB9836 /* MangoPlateCloneAppTests.xctest */,
				C02AD0E42774455D00FB9836 /* MangoPlateCloneAppUITests.xctest */,
			);
			name = Products;
			sourceTree = "<group>";
		};
		C02AD0C62774455B00FB9836 /* MangoPlateCloneApp */ = {
			isa = PBXGroup;
			children = (
				C02AD0C72774455B00FB9836 /* AppDelegate.swift */,
				C02AD0C92774455B00FB9836 /* SceneDelegate.swift */,
				C02AD0CB2774455B00FB9836 /* ViewController.swift */,
				C02AD0CD2774455B00FB9836 /* Main.storyboard */,
				C02AD0D02774455D00FB9836 /* Assets.xcassets */,
				C02AD0D22774455D00FB9836 /* LaunchScreen.storyboard */,
				C02AD0D52774455D00FB9836 /* Info.plist */,
			);
			path = MangoPlateCloneApp;
			sourceTree = "<group>";
		};
		C02AD0DD2774455D00FB9836 /* MangoPlateCloneAppTests */ = {
			isa = PBXGroup;
			children = (
				C02AD0DE2774455D00FB9836 /* MangoPlateCloneAppTests.swift */,
			);
			path = MangoPlateCloneAppTests;
			sourceTree = "<group>";
		};
		C02AD0E72774455D00FB9836 /* MangoPlateCloneAppUITests */ = {
			isa = PBXGroup;
			children = (
				C02AD0E82774455D00FB9836 /* MangoPlateCloneAppUITests.swift */,
				C02AD0EA2774455D00FB9836 /* MangoPlateCloneAppUITestsLaunchTests.swift */,
			);
			path = MangoPlateCloneAppUITests;
			sourceTree = "<group>";
		};
/* End PBXGroup section */

/* Begin PBXNativeTarget section */
		C02AD0C32774455B00FB9836 /* MangoPlateCloneApp */ = {
			isa = PBXNativeTarget;
			buildConfigurationList = C02AD0EE2774455D00FB9836 /* Build configuration list for PBXNativeTarget "MangoPlateCloneApp" */;
			buildPhases = (
				C02AD0C02774455B00FB9836 /* Sources */,
				C02AD0C12774455B00FB9836 /* Frameworks */,
				C02AD0C22774455B00FB9836 /* Resources */,
			);
			buildRules = (
			);
			dependencies = (
			);
			name = MangoPlateCloneApp;
			productName = MangoPlateCloneApp;
			productReference = C02AD0C42774455B00FB9836 /* MangoPlateCloneApp.app */;
			productType = "com.apple.product-type.application";
		};
		C02AD0D92774455D00FB9836 /* MangoPlateCloneAppTests */ = {
			isa = PBXNativeTarget;
			buildConfigurationList = C02AD0F12774455D00FB9836 /* Build configuration list for PBXNativeTarget "MangoPlateCloneAppTests" */;
			buildPhases = (
				C02AD0D62774455D00FB9836 /* Sources */,
				C02AD0D72774455D00FB9836 /* Frameworks */,
				C02AD0D82774455D00FB9836 /* Resources */,
			);
			buildRules = (
			);
			dependencies = (
				C02AD0DC2774455D00FB9836 /* PBXTargetDependency */,
			);
			name = MangoPlateCloneAppTests;
			productName = MangoPlateCloneAppTests;
			productReference = C02AD0DA2774455D00FB9836 /* MangoPlateCloneAppTests.xctest */;
			productType = "com.apple.product-type.bundle.unit-test";
		};
		C02AD0E32774455D00FB9836 /* MangoPlateCloneAppUITests */ = {
			isa = PBXNativeTarget;
			buildConfigurationList = C02AD0F42774455D00FB9836 /* Build configuration list for PBXNativeTarget "MangoPlateCloneAppUITests" */;
			buildPhases = (
				C02AD0E02774455D00FB9836 /* Sources */,
				C02AD0E12774455D00FB9836 /* Frameworks */,
				C02AD0E22774455D00FB9836 /* Resources */,
			);
			buildRules = (
			);
			dependencies = (
				C02AD0E62774455D00FB9836 /* PBXTargetDependency */,
			);
			name = MangoPlateCloneAppUITests;
			productName = MangoPlateCloneAppUITests;
			productReference = C02AD0E42774455D00FB9836 /* MangoPlateCloneAppUITests.xctest */;
			productType = "com.apple.product-type.bundle.ui-testing";
		};
/* End PBXNativeTarget section */

/* Begin PBXProject section */
		C02AD0BC2774455B00FB9836 /* Project object */ = {
			isa = PBXProject;
			attributes = {
				BuildIndependentTargetsInParallel = 1;
				LastSwiftUpdateCheck = 1310;
				LastUpgradeCheck = 1310;
				TargetAttributes = {
					C02AD0C32774455B00FB9836 = {
						CreatedOnToolsVersion = 13.1;
					};
					C02AD0D92774455D00FB9836 = {
						CreatedOnToolsVersion = 13.1;
						TestTargetID = C02AD0C32774455B00FB9836;
					};
					C02AD0E32774455D00FB9836 = {
						CreatedOnToolsVersion = 13.1;
						TestTargetID = C02AD0C32774455B00FB9836;
					};
				};
			};
			buildConfigurationList = C02AD0BF2774455B00FB9836 /* Build configuration list for PBXProject "MangoPlateCloneApp" */;
			compatibilityVersion = "Xcode 13.0";
			developmentRegion = en;
			hasScannedForEncodings = 0;
			knownRegions = (
				en,
				Base,
			);
			mainGroup = C02AD0BB2774455B00FB9836;
			productRefGroup = C02AD0C52774455B00FB9836 /* Products */;
			projectDirPath = "";
			projectRoot = "";
			targets = (
				C02AD0C32774455B00FB9836 /* MangoPlateCloneApp */,
				C02AD0D92774455D00FB9836 /* MangoPlateCloneAppTests */,
				C02AD0E32774455D00FB9836 /* MangoPlateCloneAppUITests */,
			);
		};
/* End PBXProject section */

/* Begin PBXResourcesBuildPhase section */
		C02AD0C22774455B00FB9836 /* Resources */ = {
			isa = PBXResourcesBuildPhase;
			buildActionMask = 2147483647;
			files = (
				C02AD0D42774455D00FB9836 /* LaunchScreen.storyboard in Resources */,
				C02AD0D12774455D00FB9836 /* Assets.xcassets in Resources */,
				C02AD0CF2774455B00FB9836 /* Main.storyboard in Resources */,
			);
			runOnlyForDeploymentPostprocessing = 0;
		};
		C02AD0D82774455D00FB9836 /* Resources */ = {
			isa = PBXResourcesBuildPhase;
			buildActionMask = 2147483647;
			files = (
			);
			runOnlyForDeploymentPostprocessing = 0;
		};
		C02AD0E22774455D00FB9836 /* Resources */ = {
			isa = PBXResourcesBuildPhase;
			buildActionMask = 2147483647;
			files = (
			);
			runOnlyForDeploymentPostprocessing = 0;
		};
/* End PBXResourcesBuildPhase section */

/* Begin PBXSourcesBuildPhase section */
		C02AD0C02774455B00FB9836 /* Sources */ = {
			isa = PBXSourcesBuildPhase;
			buildActionMask = 2147483647;
			files = (
				C02AD0CC2774455B00FB9836 /* ViewController.swift in Sources */,
				C02AD0C82774455B00FB9836 /* AppDelegate.swift in Sources */,
				C02AD0CA2774455B00FB9836 /* SceneDelegate.swift in Sources */,
			);
			runOnlyForDeploymentPostprocessing = 0;
		};
		C02AD0D62774455D00FB9836 /* Sources */ = {
			isa = PBXSourcesBuildPhase;
			buildActionMask = 2147483647;
			files = (
				C02AD0DF2774455D00FB9836 /* MangoPlateCloneAppTests.swift in Sources */,
			);
			runOnlyForDeploymentPostprocessing = 0;
		};
		C02AD0E02774455D00FB9836 /* Sources */ = {
			isa = PBXSourcesBuildPhase;
			buildActionMask = 2147483647;
			files = (
				C02AD0EB2774455D00FB9836 /* MangoPlateCloneAppUITestsLaunchTests.swift in Sources */,
				C02AD0E92774455D00FB9836 /* MangoPlateCloneAppUITests.swift in Sources */,
			);
			runOnlyForDeploymentPostprocessing = 0;
		};
/* End PBXSourcesBuildPhase section */

/* Begin PBXTargetDependency section */
		C02AD0DC2774455D00FB9836 /* PBXTargetDependency */ = {
			isa = PBXTargetDependency;
			target = C02AD0C32774455B00FB9836 /* MangoPlateCloneApp */;
			targetProxy = C02AD0DB2774455D00FB9836 /* PBXContainerItemProxy */;
		};
		C02AD0E62774455D00FB9836 /* PBXTargetDependency */ = {
			isa = PBXTargetDependency;
			target = C02AD0C32774455B00FB9836 /* MangoPlateCloneApp */;
			targetProxy = C02AD0E52774455D00FB9836 /* PBXContainerItemProxy */;
		};
/* End PBXTargetDependency section */

/* Begin PBXVariantGroup section */
		C02AD0CD2774455B00FB9836 /* Main.storyboard */ = {
			isa = PBXVariantGroup;
			children = (
				C02AD0CE2774455B00FB9836 /* Base */,
			);
			name = Main.storyboard;
			sourceTree = "<group>";
		};
		C02AD0D22774455D00FB9836 /* LaunchScreen.storyboard */ = {
			isa = PBXVariantGroup;
			children = (
				C02AD0D32774455D00FB9836 /* Base */,
			);
			name = LaunchScreen.storyboard;
			sourceTree = "<group>";
		};
/* End PBXVariantGroup section */

/* Begin XCBuildConfiguration section */
		C02AD0EC2774455D00FB9836 /* Debug */ = {
			isa = XCBuildConfiguration;
			buildSettings = {
				ALWAYS_SEARCH_USER_PATHS = NO;
				CLANG_ANALYZER_NONNULL = YES;
				CLANG_ANALYZER_NUMBER_OBJECT_CONVERSION = YES_AGGRESSIVE;
				CLANG_CXX_LANGUAGE_STANDARD = "gnu++17";
				CLANG_CXX_LIBRARY = "libc++";
				CLANG_ENABLE_MODULES = YES;
				CLANG_ENABLE_OBJC_ARC = YES;
				CLANG_ENABLE_OBJC_WEAK = YES;
				CLANG_WARN_BLOCK_CAPTURE_AUTORELEASING = YES;
				CLANG_WARN_BOOL_CONVERSION = YES;
				CLANG_WARN_COMMA = YES;
				CLANG_WARN_CONSTANT_CONVERSION = YES;
				CLANG_WARN_DEPRECATED_OBJC_IMPLEMENTATIONS = YES;
				CLANG_WARN_DIRECT_OBJC_ISA_USAGE = YES_ERROR;
				CLANG_WARN_DOCUMENTATION_COMMENTS = YES;
				CLANG_WARN_EMPTY_BODY = YES;
				CLANG_WARN_ENUM_CONVERSION = YES;
				CLANG_WARN_INFINITE_RECURSION = YES;
				CLANG_WARN_INT_CONVERSION = YES;
				CLANG_WARN_NON_LITERAL_NULL_CONVERSION = YES;
				CLANG_WARN_OBJC_IMPLICIT_RETAIN_SELF = YES;
				CLANG_WARN_OBJC_LITERAL_CONVERSION = YES;
				CLANG_WARN_OBJC_ROOT_CLASS = YES_ERROR;
				CLANG_WARN_QUOTED_INCLUDE_IN_FRAMEWORK_HEADER = YES;
				CLANG_WARN_RANGE_LOOP_ANALYSIS = YES;
				CLANG_WARN_STRICT_PROTOTYPES = YES;
				CLANG_WARN_SUSPICIOUS_MOVE = YES;
				CLANG_WARN_UNGUARDED_AVAILABILITY = YES_AGGRESSIVE;
				CLANG_WARN_UNREACHABLE_CODE = YES;
				CLANG_WARN__DUPLICATE_METHOD_MATCH = YES;
				COPY_PHASE_STRIP = NO;
				DEBUG_INFORMATION_FORMAT = dwarf;
				ENABLE_STRICT_OBJC_MSGSEND = YES;
				ENABLE_TESTABILITY = YES;
				GCC_C_LANGUAGE_STANDARD = gnu11;
				GCC_DYNAMIC_NO_PIC = NO;
				GCC_NO_COMMON_BLOCKS = YES;
				GCC_OPTIMIZATION_LEVEL = 0;
				GCC_PREPROCESSOR_DEFINITIONS = (
					"DEBUG=1",
					"$(inherited)",
				);
				GCC_WARN_64_TO_32_BIT_CONVERSION = YES;
				GCC_WARN_ABOUT_RETURN_TYPE = YES_ERROR;
				GCC_WARN_UNDECLARED_SELECTOR = YES;
				GCC_WARN_UNINITIALIZED_AUTOS = YES_AGGRESSIVE;
				GCC_WARN_UNUSED_FUNCTION = YES;
				GCC_WARN_UNUSED_VARIABLE = YES;
				IPHONEOS_DEPLOYMENT_TARGET = 15.0;
				MTL_ENABLE_DEBUG_INFO = INCLUDE_SOURCE;
				MTL_FAST_MATH = YES;
				ONLY_ACTIVE_ARCH = YES;
				SDKROOT = iphoneos;
				SWIFT_ACTIVE_COMPILATION_CONDITIONS = DEBUG;
				SWIFT_OPTIMIZATION_LEVEL = "-Onone";
			};
			name = Debug;
		};
		C02AD0ED2774455D00FB9836 /* Release */ = {
			isa = XCBuildConfiguration;
			buildSettings = {
				ALWAYS_SEARCH_USER_PATHS = NO;
				CLANG_ANALYZER_NONNULL = YES;
				CLANG_ANALYZER_NUMBER_OBJECT_CONVERSION = YES_AGGRESSIVE;
				CLANG_CXX_LANGUAGE_STANDARD = "gnu++17";
				CLANG_CXX_LIBRARY = "libc++";
				CLANG_ENABLE_MODULES = YES;
				CLANG_ENABLE_OBJC_ARC = YES;
				CLANG_ENABLE_OBJC_WEAK = YES;
				CLANG_WARN_BLOCK_CAPTURE_AUTORELEASING = YES;
				CLANG_WARN_BOOL_CONVERSION = YES;
				CLANG_WARN_COMMA = YES;
				CLANG_WARN_CONSTANT_CONVERSION = YES;
				CLANG_WARN_DEPRECATED_OBJC_IMPLEMENTATIONS = YES;
				CLANG_WARN_DIRECT_OBJC_ISA_USAGE = YES_ERROR;
				CLANG_WARN_DOCUMENTATION_COMMENTS = YES;
				CLANG_WARN_EMPTY_BODY = YES;
				CLANG_WARN_ENUM_CONVERSION = YES;
				CLANG_WARN_INFINITE_RECURSION = YES;
				CLANG_WARN_INT_CONVERSION = YES;
				CLANG_WARN_NON_LITERAL_NULL_CONVERSION = YES;
				CLANG_WARN_OBJC_IMPLICIT_RETAIN_SELF = YES;
				CLANG_WARN_OBJC_LITERAL_CONVERSION = YES;
				CLANG_WARN_OBJC_ROOT_CLASS = YES_ERROR;
				CLANG_WARN_QUOTED_INCLUDE_IN_FRAMEWORK_HEADER = YES;
				CLANG_WARN_RANGE_LOOP_ANALYSIS = YES;
				CLANG_WARN_STRICT_PROTOTYPES = YES;
				CLANG_WARN_SUSPICIOUS_MOVE = YES;
				CLANG_WARN_UNGUARDED_AVAILABILITY = YES_AGGRESSIVE;
				CLANG_WARN_UNREACHABLE_CODE = YES;
				CLANG_WARN__DUPLICATE_METHOD_MATCH = YES;
				COPY_PHASE_STRIP = NO;
				DEBUG_INFORMATION_FORMAT = "dwarf-with-dsym";
				ENABLE_NS_ASSERTIONS = NO;
				ENABLE_STRICT_OBJC_MSGSEND = YES;
				GCC_C_LANGUAGE_STANDARD = gnu11;
				GCC_NO_COMMON_BLOCKS = YES;
				GCC_WARN_64_TO_32_BIT_CONVERSION = YES;
				GCC_WARN_ABOUT_RETURN_TYPE = YES_ERROR;
				GCC_WARN_UNDECLARED_SELECTOR = YES;
				GCC_WARN_UNINITIALIZED_AUTOS = YES_AGGRESSIVE;
				GCC_WARN_UNUSED_FUNCTION = YES;
				GCC_WARN_UNUSED_VARIABLE = YES;
				IPHONEOS_DEPLOYMENT_TARGET = 15.0;
				MTL_ENABLE_DEBUG_INFO = NO;
				MTL_FAST_MATH = YES;
				SDKROOT = iphoneos;
				SWIFT_COMPILATION_MODE = wholemodule;
				SWIFT_OPTIMIZATION_LEVEL = "-O";
				VALIDATE_PRODUCT = YES;
			};
			name = Release;
		};
		C02AD0EF2774455D00FB9836 /* Debug */ = {
			isa = XCBuildConfiguration;
			buildSettings = {
				ASSETCATALOG_COMPILER_APPICON_NAME = AppIcon;
				ASSETCATALOG_COMPILER_GLOBAL_ACCENT_COLOR_NAME = AccentColor;
				CODE_SIGN_STYLE = Automatic;
				CURRENT_PROJECT_VERSION = 1;
				DEVELOPMENT_TEAM = 4DC5UF7YA9;
				GENERATE_INFOPLIST_FILE = YES;
				INFOPLIST_FILE = MangoPlateCloneApp/Info.plist;
				INFOPLIST_KEY_UIApplicationSupportsIndirectInputEvents = YES;
				INFOPLIST_KEY_UILaunchStoryboardName = LaunchScreen;
				INFOPLIST_KEY_UIMainStoryboardFile = Main;
				INFOPLIST_KEY_UISupportedInterfaceOrientations_iPad = "UIInterfaceOrientationPortrait UIInterfaceOrientationPortraitUpsideDown UIInterfaceOrientationLandscapeLeft UIInterfaceOrientationLandscapeRight";
				INFOPLIST_KEY_UISupportedInterfaceOrientations_iPhone = "UIInterfaceOrientationPortrait UIInterfaceOrientationLandscapeLeft UIInterfaceOrientationLandscapeRight";
				LD_RUNPATH_SEARCH_PATHS = (
					"$(inherited)",
					"@executable_path/Frameworks",
				);
				MARKETING_VERSION = 1.0;
				PRODUCT_BUNDLE_IDENTIFIER = com.gongtae.MangoPlateCloneApp;
				PRODUCT_NAME = "$(TARGET_NAME)";
				SWIFT_EMIT_LOC_STRINGS = YES;
				SWIFT_VERSION = 5.0;
				TARGETED_DEVICE_FAMILY = "1,2";
			};
			name = Debug;
		};
		C02AD0F02774455D00FB9836 /* Release */ = {
			isa = XCBuildConfiguration;
			buildSettings = {
				ASSETCATALOG_COMPILER_APPICON_NAME = AppIcon;
				ASSETCATALOG_COMPILER_GLOBAL_ACCENT_COLOR_NAME = AccentColor;
				CODE_SIGN_STYLE = Automatic;
				CURRENT_PROJECT_VERSION = 1;
				DEVELOPMENT_TEAM = 4DC5UF7YA9;
				GENERATE_INFOPLIST_FILE = YES;
				INFOPLIST_FILE = MangoPlateCloneApp/Info.plist;
				INFOPLIST_KEY_UIApplicationSupportsIndirectInputEvents = YES;
				INFOPLIST_KEY_UILaunchStoryboardName = LaunchScreen;
				INFOPLIST_KEY_UIMainStoryboardFile = Main;
				INFOPLIST_KEY_UISupportedInterfaceOrientations_iPad = "UIInterfaceOrientationPortrait UIInterfaceOrientationPortraitUpsideDown UIInterfaceOrientationLandscapeLeft UIInterfaceOrientationLandscapeRight";
				INFOPLIST_KEY_UISupportedInterfaceOrientations_iPhone = "UIInterfaceOrientationPortrait UIInterfaceOrientationLandscapeLeft UIInterfaceOrientationLandscapeRight";
				LD_RUNPATH_SEARCH_PATHS = (
					"$(inherited)",
					"@executable_path/Frameworks",
				);
				MARKETING_VERSION = 1.0;
				PRODUCT_BUNDLE_IDENTIFIER = com.gongtae.MangoPlateCloneApp;
				PRODUCT_NAME = "$(TARGET_NAME)";
				SWIFT_EMIT_LOC_STRINGS = YES;
				SWIFT_VERSION = 5.0;
				TARGETED_DEVICE_FAMILY = "1,2";
			};
			name = Release;
		};
		C02AD0F22774455D00FB9836 /* Debug */ = {
			isa = XCBuildConfiguration;
			buildSettings = {
				ALWAYS_EMBED_SWIFT_STANDARD_LIBRARIES = YES;
				BUNDLE_LOADER = "$(TEST_HOST)";
				CODE_SIGN_STYLE = Automatic;
				CURRENT_PROJECT_VERSION = 1;
				DEVELOPMENT_TEAM = 4DC5UF7YA9;
				GENERATE_INFOPLIST_FILE = YES;
				IPHONEOS_DEPLOYMENT_TARGET = 15.0;
				LD_RUNPATH_SEARCH_PATHS = (
					"$(inherited)",
					"@executable_path/Frameworks",
					"@loader_path/Frameworks",
				);
				MARKETING_VERSION = 1.0;
				PRODUCT_BUNDLE_IDENTIFIER = com.gongtae.MangoPlateCloneAppTests;
				PRODUCT_NAME = "$(TARGET_NAME)";
				SWIFT_EMIT_LOC_STRINGS = NO;
				SWIFT_VERSION = 5.0;
				TARGETED_DEVICE_FAMILY = "1,2";
				TEST_HOST = "$(BUILT_PRODUCTS_DIR)/MangoPlateCloneApp.app/MangoPlateCloneApp";
			};
			name = Debug;
		};
		C02AD0F32774455D00FB9836 /* Release */ = {
			isa = XCBuildConfiguration;
			buildSettings = {
				ALWAYS_EMBED_SWIFT_STANDARD_LIBRARIES = YES;
				BUNDLE_LOADER = "$(TEST_HOST)";
				CODE_SIGN_STYLE = Automatic;
				CURRENT_PROJECT_VERSION = 1;
				DEVELOPMENT_TEAM = 4DC5UF7YA9;
				GENERATE_INFOPLIST_FILE = YES;
				IPHONEOS_DEPLOYMENT_TARGET = 15.0;
				LD_RUNPATH_SEARCH_PATHS = (
					"$(inherited)",
					"@executable_path/Frameworks",
					"@loader_path/Frameworks",
				);
				MARKETING_VERSION = 1.0;
				PRODUCT_BUNDLE_IDENTIFIER = com.gongtae.MangoPlateCloneAppTests;
				PRODUCT_NAME = "$(TARGET_NAME)";
				SWIFT_EMIT_LOC_STRINGS = NO;
				SWIFT_VERSION = 5.0;
				TARGETED_DEVICE_FAMILY = "1,2";
				TEST_HOST = "$(BUILT_PRODUCTS_DIR)/MangoPlateCloneApp.app/MangoPlateCloneApp";
			};
			name = Release;
		};
		C02AD0F52774455D00FB9836 /* Debug */ = {
			isa = XCBuildConfiguration;
			buildSettings = {
				ALWAYS_EMBED_SWIFT_STANDARD_LIBRARIES = YES;
				CODE_SIGN_STYLE = Automatic;
				CURRENT_PROJECT_VERSION = 1;
				DEVELOPMENT_TEAM = 4DC5UF7YA9;
				GENERATE_INFOPLIST_FILE = YES;
				LD_RUNPATH_SEARCH_PATHS = (
					"$(inherited)",
					"@executable_path/Frameworks",
					"@loader_path/Frameworks",
				);
				MARKETING_VERSION = 1.0;
				PRODUCT_BUNDLE_IDENTIFIER = com.gongtae.MangoPlateCloneAppUITests;
				PRODUCT_NAME = "$(TARGET_NAME)";
				SWIFT_EMIT_LOC_STRINGS = NO;
				SWIFT_VERSION = 5.0;
				TARGETED_DEVICE_FAMILY = "1,2";
				TEST_TARGET_NAME = MangoPlateCloneApp;
			};
			name = Debug;
		};
		C02AD0F62774455D00FB9836 /* Release */ = {
			isa = XCBuildConfiguration;
			buildSettings = {
				ALWAYS_EMBED_SWIFT_STANDARD_LIBRARIES = YES;
				CODE_SIGN_STYLE = Automatic;
				CURRENT_PROJECT_VERSION = 1;
				DEVELOPMENT_TEAM = 4DC5UF7YA9;
				GENERATE_INFOPLIST_FILE = YES;
				LD_RUNPATH_SEARCH_PATHS = (
					"$(inherited)",
					"@executable_path/Frameworks",
					"@loader_path/Frameworks",
				);
				MARKETING_VERSION = 1.0;
				PRODUCT_BUNDLE_IDENTIFIER = com.gongtae.MangoPlateCloneAppUITests;
				PRODUCT_NAME = "$(TARGET_NAME)";
				SWIFT_EMIT_LOC_STRINGS = NO;
				SWIFT_VERSION = 5.0;
				TARGETED_DEVICE_FAMILY = "1,2";
				TEST_TARGET_NAME = MangoPlateCloneApp;
			};
			name = Release;
		};
/* End XCBuildConfiguration section */

/* Begin XCConfigurationList section */
		C02AD0BF2774455B00FB9836 /* Build configuration list for PBXProject "MangoPlateCloneApp" */ = {
			isa = XCConfigurationList;
			buildConfigurations = (
				C02AD0EC2774455D00FB9836 /* Debug */,
				C02AD0ED2774455D00FB9836 /* Release */,
			);
			defaultConfigurationIsVisible = 0;
			defaultConfigurationName = Release;
		};
		C02AD0EE2774455D00FB9836 /* Build configuration list for PBXNativeTarget "MangoPlateCloneApp" */ = {
			isa = XCConfigurationList;
			buildConfigurations = (
				C02AD0EF2774455D00FB9836 /* Debug */,
				C02AD0F02774455D00FB9836 /* Release */,
			);
			defaultConfigurationIsVisible = 0;
			defaultConfigurationName = Release;
		};
		C02AD0F12774455D00FB9836 /* Build configuration list for PBXNativeTarget "MangoPlateCloneAppTests" */ = {
			isa = XCConfigurationList;
			buildConfigurations = (
				C02AD0F22774455D00FB9836 /* Debug */,
				C02AD0F32774455D00FB9836 /* Release */,
			);
			defaultConfigurationIsVisible = 0;
			defaultConfigurationName = Release;
		};
		C02AD0F42774455D00FB9836 /* Build configuration list for PBXNativeTarget "MangoPlateCloneAppUITests" */ = {
			isa = XCConfigurationList;
			buildConfigurations = (
				C02AD0F52774455D00FB9836 /* Debug */,
				C02AD0F62774455D00FB9836 /* Release */,
			);
			defaultConfigurationIsVisible = 0;
			defaultConfigurationName = Release;
		};
/* End XCConfigurationList section */
	};
	rootObject = C02AD0BC2774455B00FB9836 /* Project object */;
}
