// !$*UTF8*$!
{
	archiveVersion = 1;
	classes = {
	};
	objectVersion = 55;
	objects = {

/* Begin PBXBuildFile section */
		4458FDC0D4A12FB0D59DA310 /* Pods_MangoPlateCloneAppTests.framework in Frameworks */ = {isa = PBXBuildFile; fileRef = 961A4FFC268FCF7308E96914 /* Pods_MangoPlateCloneAppTests.framework */; };
		7609D6A94985CA275D7EE276 /* Pods_MangoPlateCloneApp_MangoPlateCloneAppUITests.framework in Frameworks */ = {isa = PBXBuildFile; fileRef = 92D66B30125548B99BC4F087 /* Pods_MangoPlateCloneApp_MangoPlateCloneAppUITests.framework */; };
		B0E293791DD8FFA29398EBF1 /* Pods_MangoPlateCloneApp.framework in Frameworks */ = {isa = PBXBuildFile; fileRef = 43AF056C73757E337DFF38C4 /* Pods_MangoPlateCloneApp.framework */; };
		C014A3C227776D0800F85CE4 /* KakaoLocalResponse.swift in Sources */ = {isa = PBXBuildFile; fileRef = C014A3C127776D0800F85CE4 /* KakaoLocalResponse.swift */; };
		C014A3C4277777EE00F85CE4 /* NaverImageResponse.swift in Sources */ = {isa = PBXBuildFile; fileRef = C014A3C3277777EE00F85CE4 /* NaverImageResponse.swift */; };
		C020A9032778194F0072BFE3 /* RestInfo.swift in Sources */ = {isa = PBXBuildFile; fileRef = C020A9022778194F0072BFE3 /* RestInfo.swift */; };
		C02AD0C82774455B00FB9836 /* AppDelegate.swift in Sources */ = {isa = PBXBuildFile; fileRef = C02AD0C72774455B00FB9836 /* AppDelegate.swift */; };
		C02AD0CA2774455B00FB9836 /* SceneDelegate.swift in Sources */ = {isa = PBXBuildFile; fileRef = C02AD0C92774455B00FB9836 /* SceneDelegate.swift */; };
		C02AD0CC2774455B00FB9836 /* ViewController.swift in Sources */ = {isa = PBXBuildFile; fileRef = C02AD0CB2774455B00FB9836 /* ViewController.swift */; };
		C02AD0CF2774455B00FB9836 /* Main.storyboard in Resources */ = {isa = PBXBuildFile; fileRef = C02AD0CD2774455B00FB9836 /* Main.storyboard */; };
		C02AD0D12774455D00FB9836 /* Assets.xcassets in Resources */ = {isa = PBXBuildFile; fileRef = C02AD0D02774455D00FB9836 /* Assets.xcassets */; };
		C02AD0D42774455D00FB9836 /* LaunchScreen.storyboard in Resources */ = {isa = PBXBuildFile; fileRef = C02AD0D22774455D00FB9836 /* LaunchScreen.storyboard */; };
		C02AD0DF2774455D00FB9836 /* MangoPlateCloneAppTests.swift in Sources */ = {isa = PBXBuildFile; fileRef = C02AD0DE2774455D00FB9836 /* MangoPlateCloneAppTests.swift */; };
		C02AD0E92774455D00FB9836 /* MangoPlateCloneAppUITests.swift in Sources */ = {isa = PBXBuildFile; fileRef = C02AD0E82774455D00FB9836 /* MangoPlateCloneAppUITests.swift */; };
		C02AD0EB2774455D00FB9836 /* MangoPlateCloneAppUITestsLaunchTests.swift in Sources */ = {isa = PBXBuildFile; fileRef = C02AD0EA2774455D00FB9836 /* MangoPlateCloneAppUITestsLaunchTests.swift */; };
		C0751533277AB796009F76F2 /* MapViewController.swift in Sources */ = {isa = PBXBuildFile; fileRef = C0751532277AB796009F76F2 /* MapViewController.swift */; };
		C07B305927745D7300BAE73C /* FirstVC.swift in Sources */ = {isa = PBXBuildFile; fileRef = C07B305827745D7300BAE73C /* FirstVC.swift */; };
		C07B305B27745DBD00BAE73C /* SecondVC.swift in Sources */ = {isa = PBXBuildFile; fileRef = C07B305A27745DBD00BAE73C /* SecondVC.swift */; };
		C07B305D27745DC700BAE73C /* ThirdVC.swift in Sources */ = {isa = PBXBuildFile; fileRef = C07B305C27745DC700BAE73C /* ThirdVC.swift */; };
		C07B306427745F3000BAE73C /* FourthVC.swift in Sources */ = {isa = PBXBuildFile; fileRef = C07B306327745F3000BAE73C /* FourthVC.swift */; };
		C07B30672774693C00BAE73C /* MangoBar.swift in Sources */ = {isa = PBXBuildFile; fileRef = C07B30662774693C00BAE73C /* MangoBar.swift */; };
		C07B306D2774699900BAE73C /* MangoBarButton.swift in Sources */ = {isa = PBXBuildFile; fileRef = C07B306C2774699900BAE73C /* MangoBarButton.swift */; };
		C07B306F2774AE3000BAE73C /* TinderColors.swift in Sources */ = {isa = PBXBuildFile; fileRef = C07B306E2774AE3000BAE73C /* TinderColors.swift */; };
		C07B30712774C0AF00BAE73C /* MangoBarIndicator.swift in Sources */ = {isa = PBXBuildFile; fileRef = C07B30702774C0AF00BAE73C /* MangoBarIndicator.swift */; };
		C088F54827852EB9002382BD /* FirstVC+DataSource.swift in Sources */ = {isa = PBXBuildFile; fileRef = C088F54727852EB9002382BD /* FirstVC+DataSource.swift */; };
		C088F54A27852EF1002382BD /* FirstVC+FlowLayout.swift in Sources */ = {isa = PBXBuildFile; fileRef = C088F54927852EF1002382BD /* FirstVC+FlowLayout.swift */; };
		C08DED0C277876050054A1C4 /* FirstCollectionViewHeader.swift in Sources */ = {isa = PBXBuildFile; fileRef = C08DED0B277876050054A1C4 /* FirstCollectionViewHeader.swift */; };
		C0F636AD2774E58F00070CEA /* FirstCollectionViewCell.swift in Sources */ = {isa = PBXBuildFile; fileRef = C0F636AC2774E58F00070CEA /* FirstCollectionViewCell.swift */; };
		C0F9AB872783D3B90002DE25 /* Constant.swift in Sources */ = {isa = PBXBuildFile; fileRef = C0F9AB862783D3B90002DE25 /* Constant.swift */; };
		C0F9AB8A2783D4450002DE25 /* Key.swift in Sources */ = {isa = PBXBuildFile; fileRef = C0F9AB892783D4450002DE25 /* Key.swift */; };
		C0F9AB902783D53F0002DE25 /* NotoSansCJKkr-Medium.otf in Resources */ = {isa = PBXBuildFile; fileRef = C0F9AB8D2783D53F0002DE25 /* NotoSansCJKkr-Medium.otf */; };
		C0F9AB912783D53F0002DE25 /* NotoSansCJKkr-Regular.otf in Resources */ = {isa = PBXBuildFile; fileRef = C0F9AB8E2783D53F0002DE25 /* NotoSansCJKkr-Regular.otf */; };
		C0F9AB922783D53F0002DE25 /* NotoSansCJKkr-Bold.otf in Resources */ = {isa = PBXBuildFile; fileRef = C0F9AB8F2783D53F0002DE25 /* NotoSansCJKkr-Bold.otf */; };
		C0F9AB952783D54E0002DE25 /* BaseViewController.swift in Sources */ = {isa = PBXBuildFile; fileRef = C0F9AB942783D54E0002DE25 /* BaseViewController.swift */; };
		C0F9ABA12783D5710002DE25 /* IndicatorView.swift in Sources */ = {isa = PBXBuildFile; fileRef = C0F9AB972783D5710002DE25 /* IndicatorView.swift */; };
		C0F9ABA22783D5710002DE25 /* Date.swift in Sources */ = {isa = PBXBuildFile; fileRef = C0F9AB992783D5710002DE25 /* Date.swift */; };
		C0F9ABA32783D5710002DE25 /* UIColor.swift in Sources */ = {isa = PBXBuildFile; fileRef = C0F9AB9A2783D5710002DE25 /* UIColor.swift */; };
		C0F9ABA42783D5710002DE25 /* String.swift in Sources */ = {isa = PBXBuildFile; fileRef = C0F9AB9B2783D5710002DE25 /* String.swift */; };
		C0F9ABA52783D5710002DE25 /* UIButton.swift in Sources */ = {isa = PBXBuildFile; fileRef = C0F9AB9C2783D5710002DE25 /* UIButton.swift */; };
		C0F9ABA62783D5710002DE25 /* UIViewController.swift in Sources */ = {isa = PBXBuildFile; fileRef = C0F9AB9D2783D5710002DE25 /* UIViewController.swift */; };
		C0F9ABA72783D5710002DE25 /* UINavigationBar.swift in Sources */ = {isa = PBXBuildFile; fileRef = C0F9AB9E2783D5710002DE25 /* UINavigationBar.swift */; };
		C0F9ABA82783D5710002DE25 /* UIFont.swift in Sources */ = {isa = PBXBuildFile; fileRef = C0F9AB9F2783D5710002DE25 /* UIFont.swift */; };
		C0F9ABA92783D5710002DE25 /* Device.swift in Sources */ = {isa = PBXBuildFile; fileRef = C0F9ABA02783D5710002DE25 /* Device.swift */; };
		C0F9ABAB2783D6300002DE25 /* KakaoLocalDataManager.swift in Sources */ = {isa = PBXBuildFile; fileRef = C0F9ABAA2783D6300002DE25 /* KakaoLocalDataManager.swift */; };
		C0F9ABAD2783D63E0002DE25 /* NaverImageDataManager.swift in Sources */ = {isa = PBXBuildFile; fileRef = C0F9ABAC2783D63E0002DE25 /* NaverImageDataManager.swift */; };
		C0FC569C27788C210000B753 /* EATViewcontroller.swift in Sources */ = {isa = PBXBuildFile; fileRef = C0FC569B27788C210000B753 /* EATViewcontroller.swift */; };
		C0FC569E27788C2B0000B753 /* StoryViewController.swift in Sources */ = {isa = PBXBuildFile; fileRef = C0FC569D27788C2B0000B753 /* StoryViewController.swift */; };
		C0FC56A027788C360000B753 /* TOPViewController.swift in Sources */ = {isa = PBXBuildFile; fileRef = C0FC569F27788C360000B753 /* TOPViewController.swift */; };
		C0FC56A22778CA900000B753 /* LoginViewController.swift in Sources */ = {isa = PBXBuildFile; fileRef = C0FC56A12778CA900000B753 /* LoginViewController.swift */; };
/* End PBXBuildFile section */

/* Begin PBXContainerItemProxy section */
		C02AD0DB2774455D00FB9836 /* PBXContainerItemProxy */ = {
			isa = PBXContainerItemProxy;
			containerPortal = C02AD0BC2774455B00FB9836 /* Project object */;
			proxyType = 1;
			remoteGlobalIDString = C02AD0C32774455B00FB9836;
			remoteInfo = MangoPlateCloneApp;
		};
		C02AD0E52774455D00FB9836 /* PBXContainerItemProxy */ = {
			isa = PBXContainerItemProxy;
			containerPortal = C02AD0BC2774455B00FB9836 /* Project object */;
			proxyType = 1;
			remoteGlobalIDString = C02AD0C32774455B00FB9836;
			remoteInfo = MangoPlateCloneApp;
		};
/* End PBXContainerItemProxy section */

/* Begin PBXFileReference section */
		0CAB6B1C4E2BCF545666148D /* Pods-MangoPlateCloneAppTests.release.xcconfig */ = {isa = PBXFileReference; includeInIndex = 1; lastKnownFileType = text.xcconfig; name = "Pods-MangoPlateCloneAppTests.release.xcconfig"; path = "Target Support Files/Pods-MangoPlateCloneAppTests/Pods-MangoPlateCloneAppTests.release.xcconfig"; sourceTree = "<group>"; };
		418242723B8BC37BA7B57BDD /* Pods-MangoPlateCloneApp.debug.xcconfig */ = {isa = PBXFileReference; includeInIndex = 1; lastKnownFileType = text.xcconfig; name = "Pods-MangoPlateCloneApp.debug.xcconfig"; path = "Target Support Files/Pods-MangoPlateCloneApp/Pods-MangoPlateCloneApp.debug.xcconfig"; sourceTree = "<group>"; };
		43766B6A565E2841F0FE45D7 /* Pods-MangoPlateCloneApp-MangoPlateCloneAppUITests.release.xcconfig */ = {isa = PBXFileReference; includeInIndex = 1; lastKnownFileType = text.xcconfig; name = "Pods-MangoPlateCloneApp-MangoPlateCloneAppUITests.release.xcconfig"; path = "Target Support Files/Pods-MangoPlateCloneApp-MangoPlateCloneAppUITests/Pods-MangoPlateCloneApp-MangoPlateCloneAppUITests.release.xcconfig"; sourceTree = "<group>"; };
		43AF056C73757E337DFF38C4 /* Pods_MangoPlateCloneApp.framework */ = {isa = PBXFileReference; explicitFileType = wrapper.framework; includeInIndex = 0; path = Pods_MangoPlateCloneApp.framework; sourceTree = BUILT_PRODUCTS_DIR; };
		92D66B30125548B99BC4F087 /* Pods_MangoPlateCloneApp_MangoPlateCloneAppUITests.framework */ = {isa = PBXFileReference; explicitFileType = wrapper.framework; includeInIndex = 0; path = Pods_MangoPlateCloneApp_MangoPlateCloneAppUITests.framework; sourceTree = BUILT_PRODUCTS_DIR; };
		961A4FFC268FCF7308E96914 /* Pods_MangoPlateCloneAppTests.framework */ = {isa = PBXFileReference; explicitFileType = wrapper.framework; includeInIndex = 0; path = Pods_MangoPlateCloneAppTests.framework; sourceTree = BUILT_PRODUCTS_DIR; };
		B300AB3379FDB1CB5599E25A /* Pods-MangoPlateCloneApp-MangoPlateCloneAppUITests.debug.xcconfig */ = {isa = PBXFileReference; includeInIndex = 1; lastKnownFileType = text.xcconfig; name = "Pods-MangoPlateCloneApp-MangoPlateCloneAppUITests.debug.xcconfig"; path = "Target Support Files/Pods-MangoPlateCloneApp-MangoPlateCloneAppUITests/Pods-MangoPlateCloneApp-MangoPlateCloneAppUITests.debug.xcconfig"; sourceTree = "<group>"; };
		C014A3C127776D0800F85CE4 /* KakaoLocalResponse.swift */ = {isa = PBXFileReference; lastKnownFileType = sourcecode.swift; path = KakaoLocalResponse.swift; sourceTree = "<group>"; };
		C014A3C3277777EE00F85CE4 /* NaverImageResponse.swift */ = {isa = PBXFileReference; lastKnownFileType = sourcecode.swift; path = NaverImageResponse.swift; sourceTree = "<group>"; };
		C020A9022778194F0072BFE3 /* RestInfo.swift */ = {isa = PBXFileReference; lastKnownFileType = sourcecode.swift; path = RestInfo.swift; sourceTree = "<group>"; };
		C02AD0C42774455B00FB9836 /* MangoPlateCloneApp.app */ = {isa = PBXFileReference; explicitFileType = wrapper.application; includeInIndex = 0; path = MangoPlateCloneApp.app; sourceTree = BUILT_PRODUCTS_DIR; };
		C02AD0C72774455B00FB9836 /* AppDelegate.swift */ = {isa = PBXFileReference; lastKnownFileType = sourcecode.swift; path = AppDelegate.swift; sourceTree = "<group>"; };
		C02AD0C92774455B00FB9836 /* SceneDelegate.swift */ = {isa = PBXFileReference; lastKnownFileType = sourcecode.swift; path = SceneDelegate.swift; sourceTree = "<group>"; };
		C02AD0CB2774455B00FB9836 /* ViewController.swift */ = {isa = PBXFileReference; lastKnownFileType = sourcecode.swift; path = ViewController.swift; sourceTree = "<group>"; };
		C02AD0CE2774455B00FB9836 /* Base */ = {isa = PBXFileReference; lastKnownFileType = file.storyboard; name = Base; path = Base.lproj/Main.storyboard; sourceTree = "<group>"; };
		C02AD0D02774455D00FB9836 /* Assets.xcassets */ = {isa = PBXFileReference; lastKnownFileType = folder.assetcatalog; path = Assets.xcassets; sourceTree = "<group>"; };
		C02AD0D32774455D00FB9836 /* Base */ = {isa = PBXFileReference; lastKnownFileType = file.storyboard; name = Base; path = Base.lproj/LaunchScreen.storyboard; sourceTree = "<group>"; };
		C02AD0D52774455D00FB9836 /* Info.plist */ = {isa = PBXFileReference; lastKnownFileType = text.plist.xml; path = Info.plist; sourceTree = "<group>"; };
		C02AD0DA2774455D00FB9836 /* MangoPlateCloneAppTests.xctest */ = {isa = PBXFileReference; explicitFileType = wrapper.cfbundle; includeInIndex = 0; path = MangoPlateCloneAppTests.xctest; sourceTree = BUILT_PRODUCTS_DIR; };
		C02AD0DE2774455D00FB9836 /* MangoPlateCloneAppTests.swift */ = {isa = PBXFileReference; lastKnownFileType = sourcecode.swift; path = MangoPlateCloneAppTests.swift; sourceTree = "<group>"; };
		C02AD0E42774455D00FB9836 /* MangoPlateCloneAppUITests.xctest */ = {isa = PBXFileReference; explicitFileType = wrapper.cfbundle; includeInIndex = 0; path = MangoPlateCloneAppUITests.xctest; sourceTree = BUILT_PRODUCTS_DIR; };
		C02AD0E82774455D00FB9836 /* MangoPlateCloneAppUITests.swift */ = {isa = PBXFileReference; lastKnownFileType = sourcecode.swift; path = MangoPlateCloneAppUITests.swift; sourceTree = "<group>"; };
		C02AD0EA2774455D00FB9836 /* MangoPlateCloneAppUITestsLaunchTests.swift */ = {isa = PBXFileReference; lastKnownFileType = sourcecode.swift; path = MangoPlateCloneAppUITestsLaunchTests.swift; sourceTree = "<group>"; };
		C0751532277AB796009F76F2 /* MapViewController.swift */ = {isa = PBXFileReference; lastKnownFileType = sourcecode.swift; path = MapViewController.swift; sourceTree = "<group>"; };
		C07B305827745D7300BAE73C /* FirstVC.swift */ = {isa = PBXFileReference; lastKnownFileType = sourcecode.swift; path = FirstVC.swift; sourceTree = "<group>"; };
		C07B305A27745DBD00BAE73C /* SecondVC.swift */ = {isa = PBXFileReference; lastKnownFileType = sourcecode.swift; path = SecondVC.swift; sourceTree = "<group>"; };
		C07B305C27745DC700BAE73C /* ThirdVC.swift */ = {isa = PBXFileReference; lastKnownFileType = sourcecode.swift; path = ThirdVC.swift; sourceTree = "<group>"; };
		C07B306327745F3000BAE73C /* FourthVC.swift */ = {isa = PBXFileReference; lastKnownFileType = sourcecode.swift; path = FourthVC.swift; sourceTree = "<group>"; };
		C07B30662774693C00BAE73C /* MangoBar.swift */ = {isa = PBXFileReference; lastKnownFileType = sourcecode.swift; path = MangoBar.swift; sourceTree = "<group>"; };
		C07B306C2774699900BAE73C /* MangoBarButton.swift */ = {isa = PBXFileReference; lastKnownFileType = sourcecode.swift; path = MangoBarButton.swift; sourceTree = "<group>"; };
		C07B306E2774AE3000BAE73C /* TinderColors.swift */ = {isa = PBXFileReference; fileEncoding = 4; lastKnownFileType = sourcecode.swift; path = TinderColors.swift; sourceTree = "<group>"; };
		C07B30702774C0AF00BAE73C /* MangoBarIndicator.swift */ = {isa = PBXFileReference; lastKnownFileType = sourcecode.swift; path = MangoBarIndicator.swift; sourceTree = "<group>"; };
		C088F54727852EB9002382BD /* FirstVC+DataSource.swift */ = {isa = PBXFileReference; lastKnownFileType = sourcecode.swift; path = "FirstVC+DataSource.swift"; sourceTree = "<group>"; };
		C088F54927852EF1002382BD /* FirstVC+FlowLayout.swift */ = {isa = PBXFileReference; lastKnownFileType = sourcecode.swift; path = "FirstVC+FlowLayout.swift"; sourceTree = "<group>"; };
		C08DED0B277876050054A1C4 /* FirstCollectionViewHeader.swift */ = {isa = PBXFileReference; lastKnownFileType = sourcecode.swift; path = FirstCollectionViewHeader.swift; sourceTree = "<group>"; };
		C0F636AC2774E58F00070CEA /* FirstCollectionViewCell.swift */ = {isa = PBXFileReference; lastKnownFileType = sourcecode.swift; path = FirstCollectionViewCell.swift; sourceTree = "<group>"; };
		C0F9AB862783D3B90002DE25 /* Constant.swift */ = {isa = PBXFileReference; lastKnownFileType = sourcecode.swift; path = Constant.swift; sourceTree = "<group>"; };
		C0F9AB892783D4450002DE25 /* Key.swift */ = {isa = PBXFileReference; lastKnownFileType = sourcecode.swift; path = Key.swift; sourceTree = "<group>"; };
		C0F9AB8D2783D53F0002DE25 /* NotoSansCJKkr-Medium.otf */ = {isa = PBXFileReference; lastKnownFileType = file; path = "NotoSansCJKkr-Medium.otf"; sourceTree = "<group>"; };
		C0F9AB8E2783D53F0002DE25 /* NotoSansCJKkr-Regular.otf */ = {isa = PBXFileReference; lastKnownFileType = file; path = "NotoSansCJKkr-Regular.otf"; sourceTree = "<group>"; };
		C0F9AB8F2783D53F0002DE25 /* NotoSansCJKkr-Bold.otf */ = {isa = PBXFileReference; lastKnownFileType = file; path = "NotoSansCJKkr-Bold.otf"; sourceTree = "<group>"; };
		C0F9AB942783D54E0002DE25 /* BaseViewController.swift */ = {isa = PBXFileReference; fileEncoding = 4; lastKnownFileType = sourcecode.swift; path = BaseViewController.swift; sourceTree = "<group>"; };
		C0F9AB972783D5710002DE25 /* IndicatorView.swift */ = {isa = PBXFileReference; fileEncoding = 4; lastKnownFileType = sourcecode.swift; path = IndicatorView.swift; sourceTree = "<group>"; };
		C0F9AB992783D5710002DE25 /* Date.swift */ = {isa = PBXFileReference; fileEncoding = 4; lastKnownFileType = sourcecode.swift; path = Date.swift; sourceTree = "<group>"; };
		C0F9AB9A2783D5710002DE25 /* UIColor.swift */ = {isa = PBXFileReference; fileEncoding = 4; lastKnownFileType = sourcecode.swift; path = UIColor.swift; sourceTree = "<group>"; };
		C0F9AB9B2783D5710002DE25 /* String.swift */ = {isa = PBXFileReference; fileEncoding = 4; lastKnownFileType = sourcecode.swift; path = String.swift; sourceTree = "<group>"; };
		C0F9AB9C2783D5710002DE25 /* UIButton.swift */ = {isa = PBXFileReference; fileEncoding = 4; lastKnownFileType = sourcecode.swift; path = UIButton.swift; sourceTree = "<group>"; };
		C0F9AB9D2783D5710002DE25 /* UIViewController.swift */ = {isa = PBXFileReference; fileEncoding = 4; lastKnownFileType = sourcecode.swift; path = UIViewController.swift; sourceTree = "<group>"; };
		C0F9AB9E2783D5710002DE25 /* UINavigationBar.swift */ = {isa = PBXFileReference; fileEncoding = 4; lastKnownFileType = sourcecode.swift; path = UINavigationBar.swift; sourceTree = "<group>"; };
		C0F9AB9F2783D5710002DE25 /* UIFont.swift */ = {isa = PBXFileReference; fileEncoding = 4; lastKnownFileType = sourcecode.swift; path = UIFont.swift; sourceTree = "<group>"; };
		C0F9ABA02783D5710002DE25 /* Device.swift */ = {isa = PBXFileReference; fileEncoding = 4; lastKnownFileType = sourcecode.swift; path = Device.swift; sourceTree = "<group>"; };
		C0F9ABAA2783D6300002DE25 /* KakaoLocalDataManager.swift */ = {isa = PBXFileReference; lastKnownFileType = sourcecode.swift; path = KakaoLocalDataManager.swift; sourceTree = "<group>"; };
		C0F9ABAC2783D63E0002DE25 /* NaverImageDataManager.swift */ = {isa = PBXFileReference; lastKnownFileType = sourcecode.swift; path = NaverImageDataManager.swift; sourceTree = "<group>"; };
		C0FC569B27788C210000B753 /* EATViewcontroller.swift */ = {isa = PBXFileReference; lastKnownFileType = sourcecode.swift; path = EATViewcontroller.swift; sourceTree = "<group>"; };
		C0FC569D27788C2B0000B753 /* StoryViewController.swift */ = {isa = PBXFileReference; lastKnownFileType = sourcecode.swift; path = StoryViewController.swift; sourceTree = "<group>"; };
		C0FC569F27788C360000B753 /* TOPViewController.swift */ = {isa = PBXFileReference; lastKnownFileType = sourcecode.swift; path = TOPViewController.swift; sourceTree = "<group>"; };
		C0FC56A12778CA900000B753 /* LoginViewController.swift */ = {isa = PBXFileReference; lastKnownFileType = sourcecode.swift; path = LoginViewController.swift; sourceTree = "<group>"; };
		C88596EBCF63367DF7D7056E /* Pods-MangoPlateCloneAppTests.debug.xcconfig */ = {isa = PBXFileReference; includeInIndex = 1; lastKnownFileType = text.xcconfig; name = "Pods-MangoPlateCloneAppTests.debug.xcconfig"; path = "Target Support Files/Pods-MangoPlateCloneAppTests/Pods-MangoPlateCloneAppTests.debug.xcconfig"; sourceTree = "<group>"; };
		E0A005C8AE78374482ABC4E3 /* Pods-MangoPlateCloneApp.release.xcconfig */ = {isa = PBXFileReference; includeInIndex = 1; lastKnownFileType = text.xcconfig; name = "Pods-MangoPlateCloneApp.release.xcconfig"; path = "Target Support Files/Pods-MangoPlateCloneApp/Pods-MangoPlateCloneApp.release.xcconfig"; sourceTree = "<group>"; };
/* End PBXFileReference section */

/* Begin PBXFrameworksBuildPhase section */
		C02AD0C12774455B00FB9836 /* Frameworks */ = {
			isa = PBXFrameworksBuildPhase;
			buildActionMask = 2147483647;
			files = (
				B0E293791DD8FFA29398EBF1 /* Pods_MangoPlateCloneApp.framework in Frameworks */,
			);
			runOnlyForDeploymentPostprocessing = 0;
		};
		C02AD0D72774455D00FB9836 /* Frameworks */ = {
			isa = PBXFrameworksBuildPhase;
			buildActionMask = 2147483647;
			files = (
				4458FDC0D4A12FB0D59DA310 /* Pods_MangoPlateCloneAppTests.framework in Frameworks */,
			);
			runOnlyForDeploymentPostprocessing = 0;
		};
		C02AD0E12774455D00FB9836 /* Frameworks */ = {
			isa = PBXFrameworksBuildPhase;
			buildActionMask = 2147483647;
			files = (
				7609D6A94985CA275D7EE276 /* Pods_MangoPlateCloneApp_MangoPlateCloneAppUITests.framework in Frameworks */,
			);
			runOnlyForDeploymentPostprocessing = 0;
		};
/* End PBXFrameworksBuildPhase section */

/* Begin PBXGroup section */
		4C9C4EC97A14DEB4C8F3D16F /* Pods */ = {
			isa = PBXGroup;
			children = (
				418242723B8BC37BA7B57BDD /* Pods-MangoPlateCloneApp.debug.xcconfig */,
				E0A005C8AE78374482ABC4E3 /* Pods-MangoPlateCloneApp.release.xcconfig */,
				B300AB3379FDB1CB5599E25A /* Pods-MangoPlateCloneApp-MangoPlateCloneAppUITests.debug.xcconfig */,
				43766B6A565E2841F0FE45D7 /* Pods-MangoPlateCloneApp-MangoPlateCloneAppUITests.release.xcconfig */,
				C88596EBCF63367DF7D7056E /* Pods-MangoPlateCloneAppTests.debug.xcconfig */,
				0CAB6B1C4E2BCF545666148D /* Pods-MangoPlateCloneAppTests.release.xcconfig */,
			);
			path = Pods;
			sourceTree = "<group>";
		};
		B4DFE251FF2D1C2A66DC5232 /* Frameworks */ = {
			isa = PBXGroup;
			children = (
				43AF056C73757E337DFF38C4 /* Pods_MangoPlateCloneApp.framework */,
				92D66B30125548B99BC4F087 /* Pods_MangoPlateCloneApp_MangoPlateCloneAppUITests.framework */,
				961A4FFC268FCF7308E96914 /* Pods_MangoPlateCloneAppTests.framework */,
			);
			name = Frameworks;
			sourceTree = "<group>";
		};
		C02AD0BB2774455B00FB9836 = {
			isa = PBXGroup;
			children = (
				C02AD0C62774455B00FB9836 /* MangoPlateCloneApp */,
				C02AD0DD2774455D00FB9836 /* MangoPlateCloneAppTests */,
				C02AD0E72774455D00FB9836 /* MangoPlateCloneAppUITests */,
				C02AD0C52774455B00FB9836 /* Products */,
				4C9C4EC97A14DEB4C8F3D16F /* Pods */,
				B4DFE251FF2D1C2A66DC5232 /* Frameworks */,
			);
			sourceTree = "<group>";
		};
		C02AD0C52774455B00FB9836 /* Products */ = {
			isa = PBXGroup;
			children = (
				C02AD0C42774455B00FB9836 /* MangoPlateCloneApp.app */,
				C02AD0DA2774455D00FB9836 /* MangoPlateCloneAppTests.xctest */,
				C02AD0E42774455D00FB9836 /* MangoPlateCloneAppUITests.xctest */,
			);
			name = Products;
			sourceTree = "<group>";
		};
		C02AD0C62774455B00FB9836 /* MangoPlateCloneApp */ = {
			isa = PBXGroup;
			children = (
				C02AD0C72774455B00FB9836 /* AppDelegate.swift */,
				C02AD0C92774455B00FB9836 /* SceneDelegate.swift */,
				C02AD0D52774455D00FB9836 /* Info.plist */,
				C0F9AB852783D3A80002DE25 /* Configuration */,
				C0F9AB962783D5710002DE25 /* Util */,
				C07B306027745DD900BAE73C /* Model */,
				C07B306127745DEA00BAE73C /* View */,
				C07B306227745DF200BAE73C /* Controllers */,
			);
			path = MangoPlateCloneApp;
			sourceTree = "<group>";
		};
		C02AD0DD2774455D00FB9836 /* MangoPlateCloneAppTests */ = {
			isa = PBXGroup;
			children = (
				C02AD0DE2774455D00FB9836 /* MangoPlateCloneAppTests.swift */,
			);
			path = MangoPlateCloneAppTests;
			sourceTree = "<group>";
		};
		C02AD0E72774455D00FB9836 /* MangoPlateCloneAppUITests */ = {
			isa = PBXGroup;
			children = (
				C02AD0E82774455D00FB9836 /* MangoPlateCloneAppUITests.swift */,
				C02AD0EA2774455D00FB9836 /* MangoPlateCloneAppUITestsLaunchTests.swift */,
			);
			path = MangoPlateCloneAppUITests;
			sourceTree = "<group>";
		};
		C07B306027745DD900BAE73C /* Model */ = {
			isa = PBXGroup;
			children = (
				C0F9ABAE2783E9330002DE25 /* Entity */,
				C0F9ABAA2783D6300002DE25 /* KakaoLocalDataManager.swift */,
				C0F9ABAC2783D63E0002DE25 /* NaverImageDataManager.swift */,
			);
			path = Model;
			sourceTree = "<group>";
		};
		C07B306127745DEA00BAE73C /* View */ = {
			isa = PBXGroup;
			children = (
				C02AD0D02774455D00FB9836 /* Assets.xcassets */,
				C02AD0CD2774455B00FB9836 /* Main.storyboard */,
				C02AD0D22774455D00FB9836 /* LaunchScreen.storyboard */,
			);
			path = View;
			sourceTree = "<group>";
		};
		C07B306227745DF200BAE73C /* Controllers */ = {
			isa = PBXGroup;
			children = (
				C07B30652774692200BAE73C /* TabBar */,
				C0F636A92774E53600070CEA /* First */,
				C0FC569A27788C040000B753 /* Second */,
				C02AD0CB2774455B00FB9836 /* ViewController.swift */,
				C07B305C27745DC700BAE73C /* ThirdVC.swift */,
				C07B306327745F3000BAE73C /* FourthVC.swift */,
				C07B306E2774AE3000BAE73C /* TinderColors.swift */,
				C0FC56A12778CA900000B753 /* LoginViewController.swift */,
			);
			path = Controllers;
			sourceTree = "<group>";
		};
		C07B30652774692200BAE73C /* TabBar */ = {
			isa = PBXGroup;
			children = (
				C07B30662774693C00BAE73C /* MangoBar.swift */,
				C07B30702774C0AF00BAE73C /* MangoBarIndicator.swift */,
				C07B306C2774699900BAE73C /* MangoBarButton.swift */,
			);
			path = TabBar;
			sourceTree = "<group>";
		};
		C0F636A92774E53600070CEA /* First */ = {
			isa = PBXGroup;
			children = (
				C07B305827745D7300BAE73C /* FirstVC.swift */,
				C088F54727852EB9002382BD /* FirstVC+DataSource.swift */,
				C088F54927852EF1002382BD /* FirstVC+FlowLayout.swift */,
				C08DED0B277876050054A1C4 /* FirstCollectionViewHeader.swift */,
				C0F636AC2774E58F00070CEA /* FirstCollectionViewCell.swift */,
				C0751532277AB796009F76F2 /* MapViewController.swift */,
			);
			path = First;
			sourceTree = "<group>";
		};
		C0F9AB852783D3A80002DE25 /* Configuration */ = {
			isa = PBXGroup;
			children = (
				C0F9AB862783D3B90002DE25 /* Constant.swift */,
				C0F9AB882783D4330002DE25 /* Secret */,
				C0F9AB8C2783D53F0002DE25 /* Font */,
				C0F9AB932783D54E0002DE25 /* Base */,
			);
			path = Configuration;
			sourceTree = "<group>";
		};
		C0F9AB882783D4330002DE25 /* Secret */ = {
			isa = PBXGroup;
			children = (
				C0F9AB892783D4450002DE25 /* Key.swift */,
			);
			path = Secret;
			sourceTree = "<group>";
		};
		C0F9AB8C2783D53F0002DE25 /* Font */ = {
			isa = PBXGroup;
			children = (
				C0F9AB8D2783D53F0002DE25 /* NotoSansCJKkr-Medium.otf */,
				C0F9AB8E2783D53F0002DE25 /* NotoSansCJKkr-Regular.otf */,
				C0F9AB8F2783D53F0002DE25 /* NotoSansCJKkr-Bold.otf */,
			);
			name = Font;
			path = "../../../../../Downloads/ios-template-storyboard-master/EduTemplate/Configuration/Font";
			sourceTree = "<group>";
		};
		C0F9AB932783D54E0002DE25 /* Base */ = {
			isa = PBXGroup;
			children = (
				C0F9AB942783D54E0002DE25 /* BaseViewController.swift */,
			);
			path = Base;
			sourceTree = "<group>";
		};
		C0F9AB962783D5710002DE25 /* Util */ = {
			isa = PBXGroup;
			children = (
				C0F9AB972783D5710002DE25 /* IndicatorView.swift */,
				C0F9ABA02783D5710002DE25 /* Device.swift */,
				C0F9AB982783D5710002DE25 /* Extension */,
			);
			path = Util;
			sourceTree = "<group>";
		};
		C0F9AB982783D5710002DE25 /* Extension */ = {
			isa = PBXGroup;
			children = (
				C0F9AB992783D5710002DE25 /* Date.swift */,
				C0F9AB9A2783D5710002DE25 /* UIColor.swift */,
				C0F9AB9B2783D5710002DE25 /* String.swift */,
				C0F9AB9C2783D5710002DE25 /* UIButton.swift */,
				C0F9AB9D2783D5710002DE25 /* UIViewController.swift */,
				C0F9AB9E2783D5710002DE25 /* UINavigationBar.swift */,
				C0F9AB9F2783D5710002DE25 /* UIFont.swift */,
			);
			path = Extension;
			sourceTree = "<group>";
		};
		C0F9ABAE2783E9330002DE25 /* Entity */ = {
			isa = PBXGroup;
			children = (
				C014A3C127776D0800F85CE4 /* KakaoLocalResponse.swift */,
				C014A3C3277777EE00F85CE4 /* NaverImageResponse.swift */,
				C020A9022778194F0072BFE3 /* RestInfo.swift */,
			);
			path = Entity;
			sourceTree = "<group>";
		};
		C0FC569A27788C040000B753 /* Second */ = {
			isa = PBXGroup;
			children = (
				C07B305A27745DBD00BAE73C /* SecondVC.swift */,
				C0FC569B27788C210000B753 /* EATViewcontroller.swift */,
				C0FC569D27788C2B0000B753 /* StoryViewController.swift */,
				C0FC569F27788C360000B753 /* TOPViewController.swift */,
			);
			path = Second;
			sourceTree = "<group>";
		};
/* End PBXGroup section */

/* Begin PBXNativeTarget section */
		C02AD0C32774455B00FB9836 /* MangoPlateCloneApp */ = {
			isa = PBXNativeTarget;
			buildConfigurationList = C02AD0EE2774455D00FB9836 /* Build configuration list for PBXNativeTarget "MangoPlateCloneApp" */;
			buildPhases = (
				F11E9F3124BE6738D358D855 /* [CP] Check Pods Manifest.lock */,
				C02AD0C02774455B00FB9836 /* Sources */,
				C02AD0C12774455B00FB9836 /* Frameworks */,
				C02AD0C22774455B00FB9836 /* Resources */,
				41939031DFEE5B11E252CEE3 /* [CP] Embed Pods Frameworks */,
			);
			buildRules = (
			);
			dependencies = (
			);
			name = MangoPlateCloneApp;
			productName = MangoPlateCloneApp;
			productReference = C02AD0C42774455B00FB9836 /* MangoPlateCloneApp.app */;
			productType = "com.apple.product-type.application";
		};
		C02AD0D92774455D00FB9836 /* MangoPlateCloneAppTests */ = {
			isa = PBXNativeTarget;
			buildConfigurationList = C02AD0F12774455D00FB9836 /* Build configuration list for PBXNativeTarget "MangoPlateCloneAppTests" */;
			buildPhases = (
				DBD209FDB84A6807A0690959 /* [CP] Check Pods Manifest.lock */,
				C02AD0D62774455D00FB9836 /* Sources */,
				C02AD0D72774455D00FB9836 /* Frameworks */,
				C02AD0D82774455D00FB9836 /* Resources */,
			);
			buildRules = (
			);
			dependencies = (
				C02AD0DC2774455D00FB9836 /* PBXTargetDependency */,
			);
			name = MangoPlateCloneAppTests;
			productName = MangoPlateCloneAppTests;
			productReference = C02AD0DA2774455D00FB9836 /* MangoPlateCloneAppTests.xctest */;
			productType = "com.apple.product-type.bundle.unit-test";
		};
		C02AD0E32774455D00FB9836 /* MangoPlateCloneAppUITests */ = {
			isa = PBXNativeTarget;
			buildConfigurationList = C02AD0F42774455D00FB9836 /* Build configuration list for PBXNativeTarget "MangoPlateCloneAppUITests" */;
			buildPhases = (
				9339D85410712B50119C88B6 /* [CP] Check Pods Manifest.lock */,
				C02AD0E02774455D00FB9836 /* Sources */,
				C02AD0E12774455D00FB9836 /* Frameworks */,
				C02AD0E22774455D00FB9836 /* Resources */,
				B0EAAE3F309A9D739CC49C4E /* [CP] Embed Pods Frameworks */,
			);
			buildRules = (
			);
			dependencies = (
				C02AD0E62774455D00FB9836 /* PBXTargetDependency */,
			);
			name = MangoPlateCloneAppUITests;
			productName = MangoPlateCloneAppUITests;
			productReference = C02AD0E42774455D00FB9836 /* MangoPlateCloneAppUITests.xctest */;
			productType = "com.apple.product-type.bundle.ui-testing";
		};
/* End PBXNativeTarget section */

/* Begin PBXProject section */
		C02AD0BC2774455B00FB9836 /* Project object */ = {
			isa = PBXProject;
			attributes = {
				BuildIndependentTargetsInParallel = 1;
				LastSwiftUpdateCheck = 1310;
				LastUpgradeCheck = 1310;
				TargetAttributes = {
					C02AD0C32774455B00FB9836 = {
						CreatedOnToolsVersion = 13.1;
					};
					C02AD0D92774455D00FB9836 = {
						CreatedOnToolsVersion = 13.1;
						TestTargetID = C02AD0C32774455B00FB9836;
					};
					C02AD0E32774455D00FB9836 = {
						CreatedOnToolsVersion = 13.1;
						TestTargetID = C02AD0C32774455B00FB9836;
					};
				};
			};
			buildConfigurationList = C02AD0BF2774455B00FB9836 /* Build configuration list for PBXProject "MangoPlateCloneApp" */;
			compatibilityVersion = "Xcode 13.0";
			developmentRegion = en;
			hasScannedForEncodings = 0;
			knownRegions = (
				en,
				Base,
			);
			mainGroup = C02AD0BB2774455B00FB9836;
			productRefGroup = C02AD0C52774455B00FB9836 /* Products */;
			projectDirPath = "";
			projectRoot = "";
			targets = (
				C02AD0C32774455B00FB9836 /* MangoPlateCloneApp */,
				C02AD0D92774455D00FB9836 /* MangoPlateCloneAppTests */,
				C02AD0E32774455D00FB9836 /* MangoPlateCloneAppUITests */,
			);
		};
/* End PBXProject section */

/* Begin PBXResourcesBuildPhase section */
		C02AD0C22774455B00FB9836 /* Resources */ = {
			isa = PBXResourcesBuildPhase;
			buildActionMask = 2147483647;
			files = (
				C0F9AB912783D53F0002DE25 /* NotoSansCJKkr-Regular.otf in Resources */,
				C02AD0D42774455D00FB9836 /* LaunchScreen.storyboard in Resources */,
				C02AD0D12774455D00FB9836 /* Assets.xcassets in Resources */,
				C02AD0CF2774455B00FB9836 /* Main.storyboard in Resources */,
				C0F9AB902783D53F0002DE25 /* NotoSansCJKkr-Medium.otf in Resources */,
				C0F9AB922783D53F0002DE25 /* NotoSansCJKkr-Bold.otf in Resources */,
			);
			runOnlyForDeploymentPostprocessing = 0;
		};
		C02AD0D82774455D00FB9836 /* Resources */ = {
			isa = PBXResourcesBuildPhase;
			buildActionMask = 2147483647;
			files = (
			);
			runOnlyForDeploymentPostprocessing = 0;
		};
		C02AD0E22774455D00FB9836 /* Resources */ = {
			isa = PBXResourcesBuildPhase;
			buildActionMask = 2147483647;
			files = (
			);
			runOnlyForDeploymentPostprocessing = 0;
		};
/* End PBXResourcesBuildPhase section */

/* Begin PBXShellScriptBuildPhase section */
		41939031DFEE5B11E252CEE3 /* [CP] Embed Pods Frameworks */ = {
			isa = PBXShellScriptBuildPhase;
			buildActionMask = 2147483647;
			files = (
			);
			inputFileListPaths = (
				"${PODS_ROOT}/Target Support Files/Pods-MangoPlateCloneApp/Pods-MangoPlateCloneApp-frameworks-${CONFIGURATION}-input-files.xcfilelist",
			);
			name = "[CP] Embed Pods Frameworks";
			outputFileListPaths = (
				"${PODS_ROOT}/Target Support Files/Pods-MangoPlateCloneApp/Pods-MangoPlateCloneApp-frameworks-${CONFIGURATION}-output-files.xcfilelist",
			);
			runOnlyForDeploymentPostprocessing = 0;
			shellPath = /bin/sh;
			shellScript = "\"${PODS_ROOT}/Target Support Files/Pods-MangoPlateCloneApp/Pods-MangoPlateCloneApp-frameworks.sh\"\n";
			showEnvVarsInLog = 0;
		};
		9339D85410712B50119C88B6 /* [CP] Check Pods Manifest.lock */ = {
			isa = PBXShellScriptBuildPhase;
			buildActionMask = 2147483647;
			files = (
			);
			inputFileListPaths = (
			);
			inputPaths = (
				"${PODS_PODFILE_DIR_PATH}/Podfile.lock",
				"${PODS_ROOT}/Manifest.lock",
			);
			name = "[CP] Check Pods Manifest.lock";
			outputFileListPaths = (
			);
			outputPaths = (
				"$(DERIVED_FILE_DIR)/Pods-MangoPlateCloneApp-MangoPlateCloneAppUITests-checkManifestLockResult.txt",
			);
			runOnlyForDeploymentPostprocessing = 0;
			shellPath = /bin/sh;
			shellScript = "diff \"${PODS_PODFILE_DIR_PATH}/Podfile.lock\" \"${PODS_ROOT}/Manifest.lock\" > /dev/null\nif [ $? != 0 ] ; then\n    # print error to STDERR\n    echo \"error: The sandbox is not in sync with the Podfile.lock. Run 'pod install' or update your CocoaPods installation.\" >&2\n    exit 1\nfi\n# This output is used by Xcode 'outputs' to avoid re-running this script phase.\necho \"SUCCESS\" > \"${SCRIPT_OUTPUT_FILE_0}\"\n";
			showEnvVarsInLog = 0;
		};
		B0EAAE3F309A9D739CC49C4E /* [CP] Embed Pods Frameworks */ = {
			isa = PBXShellScriptBuildPhase;
			buildActionMask = 2147483647;
			files = (
			);
			inputFileListPaths = (
				"${PODS_ROOT}/Target Support Files/Pods-MangoPlateCloneApp-MangoPlateCloneAppUITests/Pods-MangoPlateCloneApp-MangoPlateCloneAppUITests-frameworks-${CONFIGURATION}-input-files.xcfilelist",
			);
			name = "[CP] Embed Pods Frameworks";
			outputFileListPaths = (
				"${PODS_ROOT}/Target Support Files/Pods-MangoPlateCloneApp-MangoPlateCloneAppUITests/Pods-MangoPlateCloneApp-MangoPlateCloneAppUITests-frameworks-${CONFIGURATION}-output-files.xcfilelist",
			);
			runOnlyForDeploymentPostprocessing = 0;
			shellPath = /bin/sh;
			shellScript = "\"${PODS_ROOT}/Target Support Files/Pods-MangoPlateCloneApp-MangoPlateCloneAppUITests/Pods-MangoPlateCloneApp-MangoPlateCloneAppUITests-frameworks.sh\"\n";
			showEnvVarsInLog = 0;
		};
		DBD209FDB84A6807A0690959 /* [CP] Check Pods Manifest.lock */ = {
			isa = PBXShellScriptBuildPhase;
			buildActionMask = 2147483647;
			files = (
			);
			inputFileListPaths = (
			);
			inputPaths = (
				"${PODS_PODFILE_DIR_PATH}/Podfile.lock",
				"${PODS_ROOT}/Manifest.lock",
			);
			name = "[CP] Check Pods Manifest.lock";
			outputFileListPaths = (
			);
			outputPaths = (
				"$(DERIVED_FILE_DIR)/Pods-MangoPlateCloneAppTests-checkManifestLockResult.txt",
			);
			runOnlyForDeploymentPostprocessing = 0;
			shellPath = /bin/sh;
			shellScript = "diff \"${PODS_PODFILE_DIR_PATH}/Podfile.lock\" \"${PODS_ROOT}/Manifest.lock\" > /dev/null\nif [ $? != 0 ] ; then\n    # print error to STDERR\n    echo \"error: The sandbox is not in sync with the Podfile.lock. Run 'pod install' or update your CocoaPods installation.\" >&2\n    exit 1\nfi\n# This output is used by Xcode 'outputs' to avoid re-running this script phase.\necho \"SUCCESS\" > \"${SCRIPT_OUTPUT_FILE_0}\"\n";
			showEnvVarsInLog = 0;
		};
		F11E9F3124BE6738D358D855 /* [CP] Check Pods Manifest.lock */ = {
			isa = PBXShellScriptBuildPhase;
			buildActionMask = 2147483647;
			files = (
			);
			inputFileListPaths = (
			);
			inputPaths = (
				"${PODS_PODFILE_DIR_PATH}/Podfile.lock",
				"${PODS_ROOT}/Manifest.lock",
			);
			name = "[CP] Check Pods Manifest.lock";
			outputFileListPaths = (
			);
			outputPaths = (
				"$(DERIVED_FILE_DIR)/Pods-MangoPlateCloneApp-checkManifestLockResult.txt",
			);
			runOnlyForDeploymentPostprocessing = 0;
			shellPath = /bin/sh;
			shellScript = "diff \"${PODS_PODFILE_DIR_PATH}/Podfile.lock\" \"${PODS_ROOT}/Manifest.lock\" > /dev/null\nif [ $? != 0 ] ; then\n    # print error to STDERR\n    echo \"error: The sandbox is not in sync with the Podfile.lock. Run 'pod install' or update your CocoaPods installation.\" >&2\n    exit 1\nfi\n# This output is used by Xcode 'outputs' to avoid re-running this script phase.\necho \"SUCCESS\" > \"${SCRIPT_OUTPUT_FILE_0}\"\n";
			showEnvVarsInLog = 0;
		};
/* End PBXShellScriptBuildPhase section */

/* Begin PBXSourcesBuildPhase section */
		C02AD0C02774455B00FB9836 /* Sources */ = {
			isa = PBXSourcesBuildPhase;
			buildActionMask = 2147483647;
			files = (
				C0F9ABA42783D5710002DE25 /* String.swift in Sources */,
				C07B30672774693C00BAE73C /* MangoBar.swift in Sources */,
				C088F54827852EB9002382BD /* FirstVC+DataSource.swift in Sources */,
				C0F9ABA32783D5710002DE25 /* UIColor.swift in Sources */,
				C0F9ABA92783D5710002DE25 /* Device.swift in Sources */,
				C07B305D27745DC700BAE73C /* ThirdVC.swift in Sources */,
				C07B30712774C0AF00BAE73C /* MangoBarIndicator.swift in Sources */,
				C0F9ABA52783D5710002DE25 /* UIButton.swift in Sources */,
				C0FC56A22778CA900000B753 /* LoginViewController.swift in Sources */,
				C0FC56A027788C360000B753 /* TOPViewController.swift in Sources */,
				C0F9AB8A2783D4450002DE25 /* Key.swift in Sources */,
				C0F9ABAD2783D63E0002DE25 /* NaverImageDataManager.swift in Sources */,
				C02AD0CC2774455B00FB9836 /* ViewController.swift in Sources */,
				C0751533277AB796009F76F2 /* MapViewController.swift in Sources */,
				C020A9032778194F0072BFE3 /* RestInfo.swift in Sources */,
				C07B305B27745DBD00BAE73C /* SecondVC.swift in Sources */,
				C07B305927745D7300BAE73C /* FirstVC.swift in Sources */,
				C0F9AB872783D3B90002DE25 /* Constant.swift in Sources */,
				C0F636AD2774E58F00070CEA /* FirstCollectionViewCell.swift in Sources */,
				C014A3C4277777EE00F85CE4 /* NaverImageResponse.swift in Sources */,
				C0F9ABA82783D5710002DE25 /* UIFont.swift in Sources */,
				C088F54A27852EF1002382BD /* FirstVC+FlowLayout.swift in Sources */,
				C07B306D2774699900BAE73C /* MangoBarButton.swift in Sources */,
				C0F9ABA72783D5710002DE25 /* UINavigationBar.swift in Sources */,
				C0F9ABA12783D5710002DE25 /* IndicatorView.swift in Sources */,
				C0FC569E27788C2B0000B753 /* StoryViewController.swift in Sources */,
				C02AD0C82774455B00FB9836 /* AppDelegate.swift in Sources */,
				C014A3C227776D0800F85CE4 /* KakaoLocalResponse.swift in Sources */,
				C0FC569C27788C210000B753 /* EATViewcontroller.swift in Sources */,
				C0F9AB952783D54E0002DE25 /* BaseViewController.swift in Sources */,
				C07B306F2774AE3000BAE73C /* TinderColors.swift in Sources */,
				C08DED0C277876050054A1C4 /* FirstCollectionViewHeader.swift in Sources */,
				C0F9ABA62783D5710002DE25 /* UIViewController.swift in Sources */,
				C0F9ABAB2783D6300002DE25 /* KakaoLocalDataManager.swift in Sources */,
				C07B306427745F3000BAE73C /* FourthVC.swift in Sources */,
				C0F9ABA22783D5710002DE25 /* Date.swift in Sources */,
				C02AD0CA2774455B00FB9836 /* SceneDelegate.swift in Sources */,
			);
			runOnlyForDeploymentPostprocessing = 0;
		};
		C02AD0D62774455D00FB9836 /* Sources */ = {
			isa = PBXSourcesBuildPhase;
			buildActionMask = 2147483647;
			files = (
				C02AD0DF2774455D00FB9836 /* MangoPlateCloneAppTests.swift in Sources */,
			);
			runOnlyForDeploymentPostprocessing = 0;
		};
		C02AD0E02774455D00FB9836 /* Sources */ = {
			isa = PBXSourcesBuildPhase;
			buildActionMask = 2147483647;
			files = (
				C02AD0EB2774455D00FB9836 /* MangoPlateCloneAppUITestsLaunchTests.swift in Sources */,
				C02AD0E92774455D00FB9836 /* MangoPlateCloneAppUITests.swift in Sources */,
			);
			runOnlyForDeploymentPostprocessing = 0;
		};
/* End PBXSourcesBuildPhase section */

/* Begin PBXTargetDependency section */
		C02AD0DC2774455D00FB9836 /* PBXTargetDependency */ = {
			isa = PBXTargetDependency;
			target = C02AD0C32774455B00FB9836 /* MangoPlateCloneApp */;
			targetProxy = C02AD0DB2774455D00FB9836 /* PBXContainerItemProxy */;
		};
		C02AD0E62774455D00FB9836 /* PBXTargetDependency */ = {
			isa = PBXTargetDependency;
			target = C02AD0C32774455B00FB9836 /* MangoPlateCloneApp */;
			targetProxy = C02AD0E52774455D00FB9836 /* PBXContainerItemProxy */;
		};
/* End PBXTargetDependency section */

/* Begin PBXVariantGroup section */
		C02AD0CD2774455B00FB9836 /* Main.storyboard */ = {
			isa = PBXVariantGroup;
			children = (
				C02AD0CE2774455B00FB9836 /* Base */,
			);
			name = Main.storyboard;
			sourceTree = "<group>";
		};
		C02AD0D22774455D00FB9836 /* LaunchScreen.storyboard */ = {
			isa = PBXVariantGroup;
			children = (
				C02AD0D32774455D00FB9836 /* Base */,
			);
			name = LaunchScreen.storyboard;
			sourceTree = "<group>";
		};
/* End PBXVariantGroup section */

/* Begin XCBuildConfiguration section */
		C02AD0EC2774455D00FB9836 /* Debug */ = {
			isa = XCBuildConfiguration;
			buildSettings = {
				ALWAYS_SEARCH_USER_PATHS = NO;
				CLANG_ANALYZER_NONNULL = YES;
				CLANG_ANALYZER_NUMBER_OBJECT_CONVERSION = YES_AGGRESSIVE;
				CLANG_CXX_LANGUAGE_STANDARD = "gnu++17";
				CLANG_CXX_LIBRARY = "libc++";
				CLANG_ENABLE_MODULES = YES;
				CLANG_ENABLE_OBJC_ARC = YES;
				CLANG_ENABLE_OBJC_WEAK = YES;
				CLANG_WARN_BLOCK_CAPTURE_AUTORELEASING = YES;
				CLANG_WARN_BOOL_CONVERSION = YES;
				CLANG_WARN_COMMA = YES;
				CLANG_WARN_CONSTANT_CONVERSION = YES;
				CLANG_WARN_DEPRECATED_OBJC_IMPLEMENTATIONS = YES;
				CLANG_WARN_DIRECT_OBJC_ISA_USAGE = YES_ERROR;
				CLANG_WARN_DOCUMENTATION_COMMENTS = YES;
				CLANG_WARN_EMPTY_BODY = YES;
				CLANG_WARN_ENUM_CONVERSION = YES;
				CLANG_WARN_INFINITE_RECURSION = YES;
				CLANG_WARN_INT_CONVERSION = YES;
				CLANG_WARN_NON_LITERAL_NULL_CONVERSION = YES;
				CLANG_WARN_OBJC_IMPLICIT_RETAIN_SELF = YES;
				CLANG_WARN_OBJC_LITERAL_CONVERSION = YES;
				CLANG_WARN_OBJC_ROOT_CLASS = YES_ERROR;
				CLANG_WARN_QUOTED_INCLUDE_IN_FRAMEWORK_HEADER = YES;
				CLANG_WARN_RANGE_LOOP_ANALYSIS = YES;
				CLANG_WARN_STRICT_PROTOTYPES = YES;
				CLANG_WARN_SUSPICIOUS_MOVE = YES;
				CLANG_WARN_UNGUARDED_AVAILABILITY = YES_AGGRESSIVE;
				CLANG_WARN_UNREACHABLE_CODE = YES;
				CLANG_WARN__DUPLICATE_METHOD_MATCH = YES;
				COPY_PHASE_STRIP = NO;
				DEBUG_INFORMATION_FORMAT = dwarf;
				ENABLE_STRICT_OBJC_MSGSEND = YES;
				ENABLE_TESTABILITY = YES;
				GCC_C_LANGUAGE_STANDARD = gnu11;
				GCC_DYNAMIC_NO_PIC = NO;
				GCC_NO_COMMON_BLOCKS = YES;
				GCC_OPTIMIZATION_LEVEL = 0;
				GCC_PREPROCESSOR_DEFINITIONS = (
					"DEBUG=1",
					"$(inherited)",
				);
				GCC_WARN_64_TO_32_BIT_CONVERSION = YES;
				GCC_WARN_ABOUT_RETURN_TYPE = YES_ERROR;
				GCC_WARN_UNDECLARED_SELECTOR = YES;
				GCC_WARN_UNINITIALIZED_AUTOS = YES_AGGRESSIVE;
				GCC_WARN_UNUSED_FUNCTION = YES;
				GCC_WARN_UNUSED_VARIABLE = YES;
				IPHONEOS_DEPLOYMENT_TARGET = 15.0;
				MTL_ENABLE_DEBUG_INFO = INCLUDE_SOURCE;
				MTL_FAST_MATH = YES;
				ONLY_ACTIVE_ARCH = YES;
				SDKROOT = iphoneos;
				SWIFT_ACTIVE_COMPILATION_CONDITIONS = DEBUG;
				SWIFT_OPTIMIZATION_LEVEL = "-Onone";
			};
			name = Debug;
		};
		C02AD0ED2774455D00FB9836 /* Release */ = {
			isa = XCBuildConfiguration;
			buildSettings = {
				ALWAYS_SEARCH_USER_PATHS = NO;
				CLANG_ANALYZER_NONNULL = YES;
				CLANG_ANALYZER_NUMBER_OBJECT_CONVERSION = YES_AGGRESSIVE;
				CLANG_CXX_LANGUAGE_STANDARD = "gnu++17";
				CLANG_CXX_LIBRARY = "libc++";
				CLANG_ENABLE_MODULES = YES;
				CLANG_ENABLE_OBJC_ARC = YES;
				CLANG_ENABLE_OBJC_WEAK = YES;
				CLANG_WARN_BLOCK_CAPTURE_AUTORELEASING = YES;
				CLANG_WARN_BOOL_CONVERSION = YES;
				CLANG_WARN_COMMA = YES;
				CLANG_WARN_CONSTANT_CONVERSION = YES;
				CLANG_WARN_DEPRECATED_OBJC_IMPLEMENTATIONS = YES;
				CLANG_WARN_DIRECT_OBJC_ISA_USAGE = YES_ERROR;
				CLANG_WARN_DOCUMENTATION_COMMENTS = YES;
				CLANG_WARN_EMPTY_BODY = YES;
				CLANG_WARN_ENUM_CONVERSION = YES;
				CLANG_WARN_INFINITE_RECURSION = YES;
				CLANG_WARN_INT_CONVERSION = YES;
				CLANG_WARN_NON_LITERAL_NULL_CONVERSION = YES;
				CLANG_WARN_OBJC_IMPLICIT_RETAIN_SELF = YES;
				CLANG_WARN_OBJC_LITERAL_CONVERSION = YES;
				CLANG_WARN_OBJC_ROOT_CLASS = YES_ERROR;
				CLANG_WARN_QUOTED_INCLUDE_IN_FRAMEWORK_HEADER = YES;
				CLANG_WARN_RANGE_LOOP_ANALYSIS = YES;
				CLANG_WARN_STRICT_PROTOTYPES = YES;
				CLANG_WARN_SUSPICIOUS_MOVE = YES;
				CLANG_WARN_UNGUARDED_AVAILABILITY = YES_AGGRESSIVE;
				CLANG_WARN_UNREACHABLE_CODE = YES;
				CLANG_WARN__DUPLICATE_METHOD_MATCH = YES;
				COPY_PHASE_STRIP = NO;
				DEBUG_INFORMATION_FORMAT = "dwarf-with-dsym";
				ENABLE_NS_ASSERTIONS = NO;
				ENABLE_STRICT_OBJC_MSGSEND = YES;
				GCC_C_LANGUAGE_STANDARD = gnu11;
				GCC_NO_COMMON_BLOCKS = YES;
				GCC_WARN_64_TO_32_BIT_CONVERSION = YES;
				GCC_WARN_ABOUT_RETURN_TYPE = YES_ERROR;
				GCC_WARN_UNDECLARED_SELECTOR = YES;
				GCC_WARN_UNINITIALIZED_AUTOS = YES_AGGRESSIVE;
				GCC_WARN_UNUSED_FUNCTION = YES;
				GCC_WARN_UNUSED_VARIABLE = YES;
				IPHONEOS_DEPLOYMENT_TARGET = 15.0;
				MTL_ENABLE_DEBUG_INFO = NO;
				MTL_FAST_MATH = YES;
				SDKROOT = iphoneos;
				SWIFT_COMPILATION_MODE = wholemodule;
				SWIFT_OPTIMIZATION_LEVEL = "-O";
				VALIDATE_PRODUCT = YES;
			};
			name = Release;
		};
		C02AD0EF2774455D00FB9836 /* Debug */ = {
			isa = XCBuildConfiguration;
			baseConfigurationReference = 418242723B8BC37BA7B57BDD /* Pods-MangoPlateCloneApp.debug.xcconfig */;
			buildSettings = {
				ASSETCATALOG_COMPILER_APPICON_NAME = AppIcon;
				ASSETCATALOG_COMPILER_GLOBAL_ACCENT_COLOR_NAME = AccentColor;
				CODE_SIGN_STYLE = Automatic;
				CURRENT_PROJECT_VERSION = 1;
				DEVELOPMENT_TEAM = 4DC5UF7YA9;
				GENERATE_INFOPLIST_FILE = YES;
				INFOPLIST_FILE = MangoPlateCloneApp/Info.plist;
				INFOPLIST_KEY_NSLocationWhenInUseUsageDescription = "";
				INFOPLIST_KEY_UIApplicationSupportsIndirectInputEvents = YES;
				INFOPLIST_KEY_UILaunchStoryboardName = LaunchScreen;
				INFOPLIST_KEY_UIMainStoryboardFile = Main;
				INFOPLIST_KEY_UISupportedInterfaceOrientations_iPad = "UIInterfaceOrientationPortrait UIInterfaceOrientationPortraitUpsideDown UIInterfaceOrientationLandscapeLeft UIInterfaceOrientationLandscapeRight";
				INFOPLIST_KEY_UISupportedInterfaceOrientations_iPhone = "UIInterfaceOrientationPortrait UIInterfaceOrientationLandscapeLeft UIInterfaceOrientationLandscapeRight";
				LD_RUNPATH_SEARCH_PATHS = (
					"$(inherited)",
					"@executable_path/Frameworks",
				);
				MARKETING_VERSION = 1.0;
				PRODUCT_BUNDLE_IDENTIFIER = com.gongtae.MangoPlateCloneApp;
				PRODUCT_NAME = "$(TARGET_NAME)";
				SWIFT_EMIT_LOC_STRINGS = YES;
				SWIFT_VERSION = 5.0;
				TARGETED_DEVICE_FAMILY = "1,2";
			};
			name = Debug;
		};
		C02AD0F02774455D00FB9836 /* Release */ = {
			isa = XCBuildConfiguration;
			baseConfigurationReference = E0A005C8AE78374482ABC4E3 /* Pods-MangoPlateCloneApp.release.xcconfig */;
			buildSettings = {
				ASSETCATALOG_COMPILER_APPICON_NAME = AppIcon;
				ASSETCATALOG_COMPILER_GLOBAL_ACCENT_COLOR_NAME = AccentColor;
				CODE_SIGN_STYLE = Automatic;
				CURRENT_PROJECT_VERSION = 1;
				DEVELOPMENT_TEAM = 4DC5UF7YA9;
				GENERATE_INFOPLIST_FILE = YES;
				INFOPLIST_FILE = MangoPlateCloneApp/Info.plist;
				INFOPLIST_KEY_NSLocationWhenInUseUsageDescription = "";
				INFOPLIST_KEY_UIApplicationSupportsIndirectInputEvents = YES;
				INFOPLIST_KEY_UILaunchStoryboardName = LaunchScreen;
				INFOPLIST_KEY_UIMainStoryboardFile = Main;
				INFOPLIST_KEY_UISupportedInterfaceOrientations_iPad = "UIInterfaceOrientationPortrait UIInterfaceOrientationPortraitUpsideDown UIInterfaceOrientationLandscapeLeft UIInterfaceOrientationLandscapeRight";
				INFOPLIST_KEY_UISupportedInterfaceOrientations_iPhone = "UIInterfaceOrientationPortrait UIInterfaceOrientationLandscapeLeft UIInterfaceOrientationLandscapeRight";
				LD_RUNPATH_SEARCH_PATHS = (
					"$(inherited)",
					"@executable_path/Frameworks",
				);
				MARKETING_VERSION = 1.0;
				PRODUCT_BUNDLE_IDENTIFIER = com.gongtae.MangoPlateCloneApp;
				PRODUCT_NAME = "$(TARGET_NAME)";
				SWIFT_EMIT_LOC_STRINGS = YES;
				SWIFT_VERSION = 5.0;
				TARGETED_DEVICE_FAMILY = "1,2";
			};
			name = Release;
		};
		C02AD0F22774455D00FB9836 /* Debug */ = {
			isa = XCBuildConfiguration;
			baseConfigurationReference = C88596EBCF63367DF7D7056E /* Pods-MangoPlateCloneAppTests.debug.xcconfig */;
			buildSettings = {
				ALWAYS_EMBED_SWIFT_STANDARD_LIBRARIES = YES;
				BUNDLE_LOADER = "$(TEST_HOST)";
				CODE_SIGN_STYLE = Automatic;
				CURRENT_PROJECT_VERSION = 1;
				DEVELOPMENT_TEAM = 4DC5UF7YA9;
				GENERATE_INFOPLIST_FILE = YES;
				IPHONEOS_DEPLOYMENT_TARGET = 15.0;
				LD_RUNPATH_SEARCH_PATHS = (
					"$(inherited)",
					"@executable_path/Frameworks",
					"@loader_path/Frameworks",
				);
				MARKETING_VERSION = 1.0;
				PRODUCT_BUNDLE_IDENTIFIER = com.gongtae.MangoPlateCloneAppTests;
				PRODUCT_NAME = "$(TARGET_NAME)";
				SWIFT_EMIT_LOC_STRINGS = NO;
				SWIFT_VERSION = 5.0;
				TARGETED_DEVICE_FAMILY = "1,2";
				TEST_HOST = "$(BUILT_PRODUCTS_DIR)/MangoPlateCloneApp.app/MangoPlateCloneApp";
			};
			name = Debug;
		};
		C02AD0F32774455D00FB9836 /* Release */ = {
			isa = XCBuildConfiguration;
			baseConfigurationReference = 0CAB6B1C4E2BCF545666148D /* Pods-MangoPlateCloneAppTests.release.xcconfig */;
			buildSettings = {
				ALWAYS_EMBED_SWIFT_STANDARD_LIBRARIES = YES;
				BUNDLE_LOADER = "$(TEST_HOST)";
				CODE_SIGN_STYLE = Automatic;
				CURRENT_PROJECT_VERSION = 1;
				DEVELOPMENT_TEAM = 4DC5UF7YA9;
				GENERATE_INFOPLIST_FILE = YES;
				IPHONEOS_DEPLOYMENT_TARGET = 15.0;
				LD_RUNPATH_SEARCH_PATHS = (
					"$(inherited)",
					"@executable_path/Frameworks",
					"@loader_path/Frameworks",
				);
				MARKETING_VERSION = 1.0;
				PRODUCT_BUNDLE_IDENTIFIER = com.gongtae.MangoPlateCloneAppTests;
				PRODUCT_NAME = "$(TARGET_NAME)";
				SWIFT_EMIT_LOC_STRINGS = NO;
				SWIFT_VERSION = 5.0;
				TARGETED_DEVICE_FAMILY = "1,2";
				TEST_HOST = "$(BUILT_PRODUCTS_DIR)/MangoPlateCloneApp.app/MangoPlateCloneApp";
			};
			name = Release;
		};
		C02AD0F52774455D00FB9836 /* Debug */ = {
			isa = XCBuildConfiguration;
			baseConfigurationReference = B300AB3379FDB1CB5599E25A /* Pods-MangoPlateCloneApp-MangoPlateCloneAppUITests.debug.xcconfig */;
			buildSettings = {
				ALWAYS_EMBED_SWIFT_STANDARD_LIBRARIES = YES;
				CODE_SIGN_STYLE = Automatic;
				CURRENT_PROJECT_VERSION = 1;
				DEVELOPMENT_TEAM = 4DC5UF7YA9;
				GENERATE_INFOPLIST_FILE = YES;
				LD_RUNPATH_SEARCH_PATHS = (
					"$(inherited)",
					"@executable_path/Frameworks",
					"@loader_path/Frameworks",
				);
				MARKETING_VERSION = 1.0;
				PRODUCT_BUNDLE_IDENTIFIER = com.gongtae.MangoPlateCloneAppUITests;
				PRODUCT_NAME = "$(TARGET_NAME)";
				SWIFT_EMIT_LOC_STRINGS = NO;
				SWIFT_VERSION = 5.0;
				TARGETED_DEVICE_FAMILY = "1,2";
				TEST_TARGET_NAME = MangoPlateCloneApp;
			};
			name = Debug;
		};
		C02AD0F62774455D00FB9836 /* Release */ = {
			isa = XCBuildConfiguration;
			baseConfigurationReference = 43766B6A565E2841F0FE45D7 /* Pods-MangoPlateCloneApp-MangoPlateCloneAppUITests.release.xcconfig */;
			buildSettings = {
				ALWAYS_EMBED_SWIFT_STANDARD_LIBRARIES = YES;
				CODE_SIGN_STYLE = Automatic;
				CURRENT_PROJECT_VERSION = 1;
				DEVELOPMENT_TEAM = 4DC5UF7YA9;
				GENERATE_INFOPLIST_FILE = YES;
				LD_RUNPATH_SEARCH_PATHS = (
					"$(inherited)",
					"@executable_path/Frameworks",
					"@loader_path/Frameworks",
				);
				MARKETING_VERSION = 1.0;
				PRODUCT_BUNDLE_IDENTIFIER = com.gongtae.MangoPlateCloneAppUITests;
				PRODUCT_NAME = "$(TARGET_NAME)";
				SWIFT_EMIT_LOC_STRINGS = NO;
				SWIFT_VERSION = 5.0;
				TARGETED_DEVICE_FAMILY = "1,2";
				TEST_TARGET_NAME = MangoPlateCloneApp;
			};
			name = Release;
		};
/* End XCBuildConfiguration section */

/* Begin XCConfigurationList section */
		C02AD0BF2774455B00FB9836 /* Build configuration list for PBXProject "MangoPlateCloneApp" */ = {
			isa = XCConfigurationList;
			buildConfigurations = (
				C02AD0EC2774455D00FB9836 /* Debug */,
				C02AD0ED2774455D00FB9836 /* Release */,
			);
			defaultConfigurationIsVisible = 0;
			defaultConfigurationName = Release;
		};
		C02AD0EE2774455D00FB9836 /* Build configuration list for PBXNativeTarget "MangoPlateCloneApp" */ = {
			isa = XCConfigurationList;
			buildConfigurations = (
				C02AD0EF2774455D00FB9836 /* Debug */,
				C02AD0F02774455D00FB9836 /* Release */,
			);
			defaultConfigurationIsVisible = 0;
			defaultConfigurationName = Release;
		};
		C02AD0F12774455D00FB9836 /* Build configuration list for PBXNativeTarget "MangoPlateCloneAppTests" */ = {
			isa = XCConfigurationList;
			buildConfigurations = (
				C02AD0F22774455D00FB9836 /* Debug */,
				C02AD0F32774455D00FB9836 /* Release */,
			);
			defaultConfigurationIsVisible = 0;
			defaultConfigurationName = Release;
		};
		C02AD0F42774455D00FB9836 /* Build configuration list for PBXNativeTarget "MangoPlateCloneAppUITests" */ = {
			isa = XCConfigurationList;
			buildConfigurations = (
				C02AD0F52774455D00FB9836 /* Debug */,
				C02AD0F62774455D00FB9836 /* Release */,
			);
			defaultConfigurationIsVisible = 0;
			defaultConfigurationName = Release;
		};
/* End XCConfigurationList section */
	};
	rootObject = C02AD0BC2774455B00FB9836 /* Project object */;
}
